<?xml version="1.0" encoding="utf-8"?>
<Project ToolsVersion="4.0" xmlns="http://schemas.microsoft.com/developer/msbuild/2003">
  <ItemGroup>
    <Filter Include="Header">
      <UniqueIdentifier>{6b76c1ed-8f2c-46bc-9dd3-2732a09b8aa2}</UniqueIdentifier>
    </Filter>
    <Filter Include="Source">
      <UniqueIdentifier>{5dfcfb61-63ed-4fc6-877f-23c7e01eb3ba}</UniqueIdentifier>
    </Filter>
  </ItemGroup>
  <ItemGroup>
    <ClInclude Include="..\..\api\include\DFITCApiDataType.h">
      <Filter>Header</Filter>
    </ClInclude>
    <ClInclude Include="..\..\api\include\DFITCApiStruct.h">
      <Filter>Header</Filter>
    </ClInclude>
    <ClInclude Include="..\..\api\include\DFITCMdApi.h">
      <Filter>Header</Filter>
    </ClInclude>
    <ClInclude Include="..\..\api\include\DFITCTraderApi.h">
      <Filter>Header</Filter>
    </ClInclude>
    <ClInclude Include="..\..\include\xs_of_connection.h">
      <Filter>Header</Filter>
    </ClInclude>
    <ClInclude Include="..\..\include\xs_of_order_aux.h">
      <Filter>Header</Filter>
    </ClInclude>
  </ItemGroup>
  <ItemGroup>
    <ClCompile Include="..\..\src\xs_of_connection.cpp">
      <Filter>Source</Filter>
    </ClCompile>
    <ClCompile Include="..\..\src\xs_of_order_aux.cpp">
      <Filter>Source</Filter>
    </ClCompile>
  </ItemGroup>
</Project>