<?xml version="1.0" encoding="utf-8"?>
<Project ToolsVersion="4.0" xmlns="http://schemas.microsoft.com/developer/msbuild/2003">
  <ItemGroup>
    <Filter Include="Header Files">
      <UniqueIdentifier>{4baf2f96-7e1f-4253-be1b-23b086584ca7}</UniqueIdentifier>
    </Filter>
    <Filter Include="Source Files">
      <UniqueIdentifier>{694ad9fd-1f48-4fab-8eae-a210bc1f6350}</UniqueIdentifier>
    </Filter>
    <Filter Include="Header Files\MarketMaker">
      <UniqueIdentifier>{abd8357d-d888-4a74-b787-dd7b68981d35}</UniqueIdentifier>
    </Filter>
    <Filter Include="Source Files\MarketMaker">
      <UniqueIdentifier>{ed8f5cc1-a27e-4cdc-b06b-4c14ace17958}</UniqueIdentifier>
    </Filter>
    <Filter Include="Header Files\Serialization">
      <UniqueIdentifier>{13472e3e-d451-4f4f-b5fd-8a428ab44aed}</UniqueIdentifier>
    </Filter>
    <Filter Include="Source Files\Serialization">
      <UniqueIdentifier>{4dc0969a-dc0e-4a85-becc-6bab20680e1b}</UniqueIdentifier>
    </Filter>
    <Filter Include="Header Files\Security">
      <UniqueIdentifier>{801f6bae-c642-41bc-a1e4-77d299a64f66}</UniqueIdentifier>
    </Filter>
    <Filter Include="Source Files\Security">
      <UniqueIdentifier>{72b9b176-21b3-4e58-ac6a-cd06dc36eb4c}</UniqueIdentifier>
    </Filter>
  </ItemGroup>
  <ItemGroup>
    <ClInclude Include="..\include\feedsourcefactory.h">
      <Filter>Header Files</Filter>
    </ClInclude>
    <ClInclude Include="..\include\abstractworkflowtask.h">
      <Filter>Header Files</Filter>
    </ClInclude>
    <ClInclude Include="..\include\abstractats.h">
      <Filter>Header Files</Filter>
    </ClInclude>
    <ClInclude Include="..\include\atsinstrument.h">
      <Filter>Header Files</Filter>
    </ClInclude>
    <ClInclude Include="..\include\atsmanager.h">
      <Filter>Header Files</Filter>
    </ClInclude>
    <ClInclude Include="..\include\pnltask.h">
      <Filter>Header Files</Filter>
    </ClInclude>
    <ClInclude Include="..\include\pricingtask.h">
      <Filter>Header Files</Filter>
    </ClInclude>
    <ClInclude Include="..\include\phasetask.h">
      <Filter>Header Files</Filter>
    </ClInclude>
    <ClInclude Include="..\include\heartbeatcheck.h">
      <Filter>Header Files</Filter>
    </ClInclude>
    <ClInclude Include="..\include\dumpintradaytask.h">
      <Filter>Header Files</Filter>
    </ClInclude>
    <ClInclude Include="..\include\callbacktask.h">
      <Filter>Header Files</Filter>
    </ClInclude>
    <ClInclude Include="..\include\work_flow.h">
      <Filter>Header Files</Filter>
    </ClInclude>
    <ClInclude Include="..\include\managed_orderpassing.h">
      <Filter>Header Files</Filter>
    </ClInclude>
    <ClInclude Include="..\include\atsintradata.h">
      <Filter>Header Files</Filter>
    </ClInclude>
    <ClInclude Include="..\include\multi_feed_ats_instrument.h">
      <Filter>Header Files</Filter>
    </ClInclude>
    <ClInclude Include="..\include\atsconfig.h">
      <Filter>Header Files</Filter>
    </ClInclude>
    <ClInclude Include="..\include\time_order_container.h">
      <Filter>Header Files\MarketMaker</Filter>
    </ClInclude>
    <ClInclude Include="..\include\price_order_container.h">
      <Filter>Header Files\MarketMaker</Filter>
    </ClInclude>
    <ClInclude Include="..\include\atsdailydata.h">
      <Filter>Header Files\Serialization</Filter>
    </ClInclude>
    <ClInclude Include="..\include\baseatsdata.h">
      <Filter>Header Files\Serialization</Filter>
    </ClInclude>
    <ClInclude Include="..\include\total_price_data.h">
      <Filter>Header Files</Filter>
    </ClInclude>
    <ClInclude Include="..\include\twap_thread_pool.h">
      <Filter>Header Files</Filter>
    </ClInclude>
    <ClInclude Include="..\include\deviation_security_rule.h">
      <Filter>Header Files\Security</Filter>
    </ClInclude>
    <ClInclude Include="..\include\frequency_security_rule.h">
      <Filter>Header Files\Security</Filter>
    </ClInclude>
    <ClInclude Include="..\include\iorder_security_rule.h">
      <Filter>Header Files\Security</Filter>
    </ClInclude>
    <ClInclude Include="..\include\max_nominal_security_rule.h">
      <Filter>Header Files\Security</Filter>
    </ClInclude>
    <ClInclude Include="..\include\order_security_controller.h">
      <Filter>Header Files\Security</Filter>
    </ClInclude>
    <ClInclude Include="..\include\quantity_security_rule.h">
      <Filter>Header Files\Security</Filter>
    </ClInclude>
    <ClInclude Include="..\include\count_task.h">
      <Filter>Header Files</Filter>
    </ClInclude>
    <ClInclude Include="..\include\define.h">
      <Filter>Header Files</Filter>
    </ClInclude>
  </ItemGroup>
  <ItemGroup>
    <ClCompile Include="..\src\feedsourcefactory.cpp">
      <Filter>Source Files</Filter>
    </ClCompile>
    <ClCompile Include="..\src\abstractats.cpp">
      <Filter>Source Files</Filter>
    </ClCompile>
    <ClCompile Include="..\src\atsinstrument.cpp">
      <Filter>Source Files</Filter>
    </ClCompile>
    <ClCompile Include="..\src\atsmanager.cpp">
      <Filter>Source Files</Filter>
    </ClCompile>
    <ClCompile Include="..\src\atsconfig.cpp">
      <Filter>Source Files</Filter>
    </ClCompile>
    <ClCompile Include="..\src\pnltask.cpp">
      <Filter>Source Files</Filter>
    </ClCompile>
    <ClCompile Include="..\src\phasetask.cpp">
      <Filter>Source Files</Filter>
    </ClCompile>
    <ClCompile Include="..\src\pricingtask.cpp">
      <Filter>Source Files</Filter>
    </ClCompile>
    <ClCompile Include="..\src\heartbeatcheck.cpp">
      <Filter>Source Files</Filter>
    </ClCompile>
    <ClCompile Include="..\src\dumpintradaytask.cpp">
      <Filter>Source Files</Filter>
    </ClCompile>
    <ClCompile Include="..\src\callbacktask.cpp">
      <Filter>Source Files</Filter>
    </ClCompile>
    <ClCompile Include="..\src\work_flow.cpp">
      <Filter>Source Files</Filter>
    </ClCompile>
    <ClCompile Include="..\src\managed_orderpassing.cpp">
      <Filter>Source Files</Filter>
    </ClCompile>
    <ClCompile Include="..\src\atsintradata.cpp">
      <Filter>Source Files</Filter>
    </ClCompile>
    <ClCompile Include="..\src\multi_feed_ats_instrument.cpp">
      <Filter>Source Files</Filter>
    </ClCompile>
    <ClCompile Include="..\src\time_order_container.cpp">
      <Filter>Source Files\MarketMaker</Filter>
    </ClCompile>
    <ClCompile Include="..\src\price_order_container.cpp">
      <Filter>Source Files\MarketMaker</Filter>
    </ClCompile>
    <ClCompile Include="..\src\baseatsdata.cpp">
      <Filter>Source Files\Serialization</Filter>
    </ClCompile>
    <ClCompile Include="..\src\atsdailydata.cpp">
      <Filter>Source Files\Serialization</Filter>
    </ClCompile>
    <ClCompile Include="..\src\total_price_data.cpp">
      <Filter>Source Files</Filter>
    </ClCompile>
    <ClCompile Include="..\src\twap_thread_pool.cpp">
      <Filter>Source Files</Filter>
    </ClCompile>
    <ClCompile Include="..\src\deviation_security_rule.cpp">
      <Filter>Source Files\Security</Filter>
    </ClCompile>
    <ClCompile Include="..\src\frequency_security_rule.cpp">
      <Filter>Source Files\Security</Filter>
    </ClCompile>
    <ClCompile Include="..\src\max_nominal_security_rule.cpp">
      <Filter>Source Files\Security</Filter>
    </ClCompile>
    <ClCompile Include="..\src\order_security_controller.cpp">
      <Filter>Source Files\Security</Filter>
    </ClCompile>
    <ClCompile Include="..\src\quantity_security_rule.cpp">
      <Filter>Source Files\Security</Filter>
    </ClCompile>
    <ClCompile Include="..\src\count_task.cpp">
      <Filter>Source Files</Filter>
    </ClCompile>
  </ItemGroup>
</Project>