<?xml version="1.0" encoding="utf-8"?>
<Project ToolsVersion="4.0" xmlns="http://schemas.microsoft.com/developer/msbuild/2003">
  <ItemGroup>
    <Filter Include="Header Files">
      <UniqueIdentifier>{93995380-89BD-4b04-88EB-625FBE52EBFB}</UniqueIdentifier>
      <Extensions>h;hh;hpp;hxx;hm;inl;inc;xsd</Extensions>
    </Filter>
    <Filter Include="Source Files">
      <UniqueIdentifier>{4FC737F1-C7A5-4376-A066-2A32D752A2FF}</UniqueIdentifier>
      <Extensions>cpp;c;cc;cxx;def;odl;idl;hpj;bat;asm;asmx</Extensions>
    </Filter>
  </ItemGroup>
  <ItemGroup>
    <ClInclude Include="..\include\financialinstrument.h">
      <Filter>Header Files</Filter>
    </ClInclude>
    <ClInclude Include="..\include\currency.h">
      <Filter>Header Files</Filter>
    </ClInclude>
    <ClInclude Include="..\include\tickrule.h">
      <Filter>Header Files</Filter>
    </ClInclude>
    <ClInclude Include="..\include\instrumentclass.h">
      <Filter>Header Files</Filter>
    </ClInclude>
    <ClInclude Include="..\include\feesstructure.h">
      <Filter>Header Files</Filter>
    </ClInclude>
    <ClInclude Include="..\include\abstractderivative.h">
      <Filter>Header Files</Filter>
    </ClInclude>
    <ClInclude Include="..\include\converse.h">
      <Filter>Header Files</Filter>
    </ClInclude>
    <ClInclude Include="..\include\derivclassbase.h">
      <Filter>Header Files</Filter>
    </ClInclude>
    <ClInclude Include="..\include\etf.h">
      <Filter>Header Files</Filter>
    </ClInclude>
    <ClInclude Include="..\include\future.h">
      <Filter>Header Files</Filter>
    </ClInclude>
    <ClInclude Include="..\include\futureclass.h">
      <Filter>Header Files</Filter>
    </ClInclude>
    <ClInclude Include="..\include\futurespread.h">
      <Filter>Header Files</Filter>
    </ClInclude>
    <ClInclude Include="..\include\index.h">
      <Filter>Header Files</Filter>
    </ClInclude>
    <ClInclude Include="..\include\maturity.h">
      <Filter>Header Files</Filter>
    </ClInclude>
    <ClInclude Include="..\include\option.h">
      <Filter>Header Files</Filter>
    </ClInclude>
    <ClInclude Include="..\include\optionclass.h">
      <Filter>Header Files</Filter>
    </ClInclude>
    <ClInclude Include="..\include\referential.h">
      <Filter>Header Files</Filter>
    </ClInclude>
    <ClInclude Include="..\include\stock.h">
      <Filter>Header Files</Filter>
    </ClInclude>
    <ClInclude Include="..\include\stockclass.h">
      <Filter>Header Files</Filter>
    </ClInclude>
    <ClInclude Include="..\include\strikeparity.h">
      <Filter>Header Files</Filter>
    </ClInclude>
    <ClInclude Include="..\include\underlying.h">
      <Filter>Header Files</Filter>
    </ClInclude>
    <ClInclude Include="..\include\instrumentcommon.h">
      <Filter>Header Files</Filter>
    </ClInclude>
    <ClInclude Include="..\include\instrumentenum.h">
      <Filter>Header Files</Filter>
    </ClInclude>
    <ClInclude Include="..\include\tradingperiod.h">
      <Filter>Header Files</Filter>
    </ClInclude>
    <ClInclude Include="..\include\tradingperiodmanager.h">
      <Filter>Header Files</Filter>
    </ClInclude>
    <ClInclude Include="..\include\forex.h">
      <Filter>Header Files</Filter>
    </ClInclude>
    <ClInclude Include="..\include\forexclass.h">
      <Filter>Header Files</Filter>
    </ClInclude>
  </ItemGroup>
  <ItemGroup>
    <ClCompile Include="..\src\financialinstrument.cpp">
      <Filter>Source Files</Filter>
    </ClCompile>
    <ClCompile Include="..\src\tickrule.cpp">
      <Filter>Source Files</Filter>
    </ClCompile>
    <ClCompile Include="..\src\instrumentclass.cpp">
      <Filter>Source Files</Filter>
    </ClCompile>
    <ClCompile Include="..\src\feesstructure.cpp">
      <Filter>Source Files</Filter>
    </ClCompile>
    <ClCompile Include="..\src\abstractderivative.cpp">
      <Filter>Source Files</Filter>
    </ClCompile>
    <ClCompile Include="..\src\derivclassbase.cpp">
      <Filter>Source Files</Filter>
    </ClCompile>
    <ClCompile Include="..\src\etf.cpp">
      <Filter>Source Files</Filter>
    </ClCompile>
    <ClCompile Include="..\src\future.cpp">
      <Filter>Source Files</Filter>
    </ClCompile>
    <ClCompile Include="..\src\futureclass.cpp">
      <Filter>Source Files</Filter>
    </ClCompile>
    <ClCompile Include="..\src\futurespread.cpp">
      <Filter>Source Files</Filter>
    </ClCompile>
    <ClCompile Include="..\src\index.cpp">
      <Filter>Source Files</Filter>
    </ClCompile>
    <ClCompile Include="..\src\maturity.cpp">
      <Filter>Source Files</Filter>
    </ClCompile>
    <ClCompile Include="..\src\option.cpp">
      <Filter>Source Files</Filter>
    </ClCompile>
    <ClCompile Include="..\src\optionclass.cpp">
      <Filter>Source Files</Filter>
    </ClCompile>
    <ClCompile Include="..\src\referential.cpp">
      <Filter>Source Files</Filter>
    </ClCompile>
    <ClCompile Include="..\src\stock.cpp">
      <Filter>Source Files</Filter>
    </ClCompile>
    <ClCompile Include="..\src\stockclass.cpp">
      <Filter>Source Files</Filter>
    </ClCompile>
    <ClCompile Include="..\src\strikeparity.cpp">
      <Filter>Source Files</Filter>
    </ClCompile>
    <ClCompile Include="..\src\underlying.cpp">
      <Filter>Source Files</Filter>
    </ClCompile>
    <ClCompile Include="..\src\instrumentcommon.cpp">
      <Filter>Source Files</Filter>
    </ClCompile>
    <ClCompile Include="..\src\tradingperiod.cpp">
      <Filter>Source Files</Filter>
    </ClCompile>
    <ClCompile Include="..\src\tradingperiodmanager.cpp">
      <Filter>Source Files</Filter>
    </ClCompile>
    <ClCompile Include="..\src\forex.cpp">
      <Filter>Source Files</Filter>
    </ClCompile>
    <ClCompile Include="..\src\forexclass.cpp">
      <Filter>Source Files</Filter>
    </ClCompile>
  </ItemGroup>
</Project>