<?xml version="1.0" encoding="utf-8"?>
<Project ToolsVersion="4.0" xmlns="http://schemas.microsoft.com/developer/msbuild/2003">
  <ItemGroup>
    <Filter Include="Header Files">
      <UniqueIdentifier>{90ce81d6-20e9-45bb-9ef1-3c43312373bf}</UniqueIdentifier>
    </Filter>
    <Filter Include="Source Files">
      <UniqueIdentifier>{4730d940-be15-46d6-908e-3050290c6d52}</UniqueIdentifier>
    </Filter>
    <Filter Include="Header Files\AtsGeneral">
      <UniqueIdentifier>{989b70aa-978b-4d0a-a908-1b527fa52beb}</UniqueIdentifier>
    </Filter>
    <Filter Include="Source Files\AtsGeneral">
      <UniqueIdentifier>{3c42d7af-2205-48ba-aff6-adc7cfb5caa4}</UniqueIdentifier>
    </Filter>
  </ItemGroup>
  <ItemGroup>
    <ClInclude Include="..\include\execdatacollection.h">
      <Filter>Header Files</Filter>
    </ClInclude>
    <ClInclude Include="..\include\loggerdatacollection.h">
      <Filter>Header Files</Filter>
    </ClInclude>
    <ClInclude Include="..\include\orderdatacollection.h">
      <Filter>Header Files</Filter>
    </ClInclude>
    <ClInclude Include="..\include\atsserver.h">
      <Filter>Header Files</Filter>
    </ClInclude>
    <ClInclude Include="..\include\atshandler.h">
      <Filter>Header Files</Filter>
    </ClInclude>
    <ClInclude Include="..\include\AtsOperation.h">
      <Filter>Header Files\AtsGeneral</Filter>
    </ClInclude>
    <ClInclude Include="..\include\AtsGeneral_types.h">
      <Filter>Header Files\AtsGeneral</Filter>
    </ClInclude>
    <ClInclude Include="..\include\AtsGeneral_constants.h">
      <Filter>Header Files\AtsGeneral</Filter>
    </ClInclude>
  </ItemGroup>
  <ItemGroup>
    <ClCompile Include="..\src\execdatacollection.cpp">
      <Filter>Source Files</Filter>
    </ClCompile>
    <ClCompile Include="..\src\loggerdatacollection.cpp">
      <Filter>Source Files</Filter>
    </ClCompile>
    <ClCompile Include="..\src\orderdatacollection.cpp">
      <Filter>Source Files</Filter>
    </ClCompile>
    <ClCompile Include="..\src\atsserver.cpp">
      <Filter>Source Files</Filter>
    </ClCompile>
    <ClCompile Include="..\src\atshandler.cpp">
      <Filter>Source Files</Filter>
    </ClCompile>
    <ClCompile Include="..\src\AtsOperation.cpp">
      <Filter>Source Files\AtsGeneral</Filter>
    </ClCompile>
    <ClCompile Include="..\src\AtsGeneral_types.cpp">
      <Filter>Source Files\AtsGeneral</Filter>
    </ClCompile>
    <ClCompile Include="..\src\AtsGeneral_constants.cpp">
      <Filter>Source Files\AtsGeneral</Filter>
    </ClCompile>
  </ItemGroup>
</Project>