<?xml version="1.0" encoding="utf-8"?>
<Project ToolsVersion="4.0" xmlns="http://schemas.microsoft.com/developer/msbuild/2003">
  <ItemGroup>
    <Filter Include="Header Files">
      <UniqueIdentifier>{64ebfb1f-3fce-4b52-a887-6e4bfcd4ae98}</UniqueIdentifier>
    </Filter>
    <Filter Include="Source Files">
      <UniqueIdentifier>{d1943486-8b06-43bf-bc13-7af97372f133}</UniqueIdentifier>
    </Filter>
    <Filter Include="Header Files\SimpleMsg">
      <UniqueIdentifier>{1e9d93b9-4594-498f-b396-feb90782348b}</UniqueIdentifier>
    </Filter>
    <Filter Include="Source Files\SimpleMsg">
      <UniqueIdentifier>{35d44d4f-3a70-4c17-886f-a2aec3c50545}</UniqueIdentifier>
    </Filter>
  </ItemGroup>
  <ItemGroup>
    <ClCompile Include="..\src\main.cpp">
      <Filter>Source Files</Filter>
    </ClCompile>
    <ClCompile Include="..\src\simpleatsserver.cpp">
      <Filter>Source Files</Filter>
    </ClCompile>
    <ClCompile Include="..\src\SimpleAtsHandler.cpp">
      <Filter>Source Files</Filter>
    </ClCompile>
    <ClCompile Include="..\src\SimpleAtsOperation.cpp">
      <Filter>Source Files\SimpleMsg</Filter>
    </ClCompile>
    <ClCompile Include="..\src\SimpleAtsMsg_types.cpp">
      <Filter>Source Files\SimpleMsg</Filter>
    </ClCompile>
    <ClCompile Include="..\src\SimpleAtsMsg_constants.cpp">
      <Filter>Source Files\SimpleMsg</Filter>
    </ClCompile>
  </ItemGroup>
  <ItemGroup>
    <ClInclude Include="..\include\simpleatsserver.h">
      <Filter>Header Files</Filter>
    </ClInclude>
    <ClInclude Include="..\include\simpleatshandler.h">
      <Filter>Header Files</Filter>
    </ClInclude>
    <ClInclude Include="..\include\SimpleAtsOperation.h">
      <Filter>Header Files\SimpleMsg</Filter>
    </ClInclude>
    <ClInclude Include="..\include\SimpleAtsMsg_types.h">
      <Filter>Header Files\SimpleMsg</Filter>
    </ClInclude>
    <ClInclude Include="..\include\SimpleAtsMsg_constants.h">
      <Filter>Header Files\SimpleMsg</Filter>
    </ClInclude>
  </ItemGroup>
</Project>