
Microsoft Visual Studio Solution File, Format Version 12.00
# Visual Studio 2013
VisualStudioVersion = 12.0.21005.1
MinimumVisualStudioVersion = 10.0.40219.1
Project("{8BC9CEB8-8B4A-11D0-8D11-00A0C91BC942}") = "simpleatsserver", "simpleatsserver.vcxproj", "{F0CDA718-6404-4AA0-95B6-F86AC97CD0A3}"
	ProjectSection(ProjectDependencies) = postProject
		{3C3B6E0B-723F-45B4-8CE7-7A0A3C0213D4} = {3C3B6E0B-723F-45B4-8CE7-7A0A3C0213D4}
		{0833E228-DA58-4C26-907A-7C5916F04CAD} = {0833E228-DA58-4C26-907A-7C5916F04CAD}
		{3B5E642B-EBB7-44A8-B05E-AD3F032EC727} = {3B5E642B-EBB7-44A8-B05E-AD3F032EC727}
		{19294342-2779-4437-B625-972435BC88CB} = {19294342-2779-4437-B625-972435BC88CB}
		{11C4684F-3BB7-489A-93AD-C5F210BBFA67} = {11C4684F-3BB7-489A-93AD-C5F210BBFA67}
		{CA017F58-F505-4FE8-B348-87CB88A516BF} = {CA017F58-F505-4FE8-B348-87CB88A516BF}
		{745DEC58-EBB3-47A9-A9B8-4C6627C01BF8} = {745DEC58-EBB3-47A9-A9B8-4C6627C01BF8}
		{BB13E65D-C1C0-41BD-825B-A0CDFEAF3AA3} = {BB13E65D-C1C0-41BD-825B-A0CDFEAF3AA3}
		{E846B76B-C241-450A-88D8-CD73D877AB76} = {E846B76B-C241-450A-88D8-CD73D877AB76}
		{DD26F57E-60F2-4F37-A616-D219A9BF338F} = {DD26F57E-60F2-4F37-A616-D219A9BF338F}
		{CD0EEC88-BF21-47BA-A600-DA947C96631D} = {CD0EEC88-BF21-47BA-A600-DA947C96631D}
		{81595B90-233D-4C27-9259-85D7D0504C9E} = {81595B90-233D-4C27-9259-85D7D0504C9E}
		{B816749B-36E9-425E-A3E3-380D2F86E4D6} = {B816749B-36E9-425E-A3E3-380D2F86E4D6}
		{513CFB9C-0A75-47B1-87B1-54B045E738E6} = {513CFB9C-0A75-47B1-87B1-54B045E738E6}
		{43C79BA0-68A6-4F82-ADDF-F173AD050F2C} = {43C79BA0-68A6-4F82-ADDF-F173AD050F2C}
		{6DE4ECA3-5FD5-400F-9D9E-6AF2A3D9F2A5} = {6DE4ECA3-5FD5-400F-9D9E-6AF2A3D9F2A5}
		{884EA2B8-9C1A-4513-8FD0-233C16FA894C} = {884EA2B8-9C1A-4513-8FD0-233C16FA894C}
		{D8696CCE-7D46-4659-B432-91754A41DEB0} = {D8696CCE-7D46-4659-B432-91754A41DEB0}
		{A0A1D0D8-47FE-49ED-9772-933446770856} = {A0A1D0D8-47FE-49ED-9772-933446770856}
		{1260F1E7-A883-462A-BFCC-97573FD95E5E} = {1260F1E7-A883-462A-BFCC-97573FD95E5E}
	EndProjectSection
EndProject
Project("{8BC9CEB8-8B4A-11D0-8D11-00A0C91BC942}") = "feed.cffex", "..\..\feed\cffex\projects\vc90\feedv2.cffex.vcxproj", "{19294342-2779-4437-B625-972435BC88CB}"
EndProject
Project("{8BC9CEB8-8B4A-11D0-8D11-00A0C91BC942}") = "feed.femas", "..\..\feed\femas\projects\vc90\feedv2.femas.vcxproj", "{CA017F58-F505-4FE8-B348-87CB88A516BF}"
EndProject
Project("{8BC9CEB8-8B4A-11D0-8D11-00A0C91BC942}") = "feed.lts", "..\..\feed\lts\projects\vc90\feedv2.lts.vcxproj", "{43C79BA0-68A6-4F82-ADDF-F173AD050F2C}"
EndProject
Project("{8BC9CEB8-8B4A-11D0-8D11-00A0C91BC942}") = "feed.ltsl2", "..\..\feed\ltsl2\projects\vc90\feedv2.ltsl2.vcxproj", "{BB13E65D-C1C0-41BD-825B-A0CDFEAF3AA3}"
EndProject
Project("{8BC9CEB8-8B4A-11D0-8D11-00A0C91BC942}") = "feed.xspeed", "..\..\feed\xspeed\projects\vc90\feedv2.xspeed.vcxproj", "{A0A1D0D8-47FE-49ED-9772-933446770856}"
EndProject
Project("{8BC9CEB8-8B4A-11D0-8D11-00A0C91BC942}") = "terra.common", "..\..\terra\common\projects\common.vcxproj", "{11C4684F-3BB7-489A-93AD-C5F210BBFA67}"
EndProject
Project("{8BC9CEB8-8B4A-11D0-8D11-00A0C91BC942}") = "terra.instruments", "..\..\terra\instruments\projects\instruments.vcxproj", "{B816749B-36E9-425E-A3E3-380D2F86E4D6}"
EndProject
Project("{8BC9CEB8-8B4A-11D0-8D11-00A0C91BC942}") = "terra.feedcommon", "..\..\terra\feedcommon\projects\feedcommon.vcxproj", "{6DE4ECA3-5FD5-400F-9D9E-6AF2A3D9F2A5}"
EndProject
Project("{8BC9CEB8-8B4A-11D0-8D11-00A0C91BC942}") = "terra.marketaccess", "..\..\terra\marketaccess\projects\vc90\Terra.Marketaccess.vcxproj", "{1260F1E7-A883-462A-BFCC-97573FD95E5E}"
EndProject
Project("{8BC9CEB8-8B4A-11D0-8D11-00A0C91BC942}") = "terra.ats", "..\..\terra\ats\projects\ats.vcxproj", "{81595B90-233D-4C27-9259-85D7D0504C9E}"
EndProject
Project("{8BC9CEB8-8B4A-11D0-8D11-00A0C91BC942}") = "terra.atsserver", "..\..\terra\atsserver\projects\atsserver.vcxproj", "{513CFB9C-0A75-47B1-87B1-54B045E738E6}"
EndProject
Project("{8BC9CEB8-8B4A-11D0-8D11-00A0C91BC942}") = "op.lts", "..\..\orderpassing\lts\projects\vc90\op.lts2.vcxproj", "{3B5E642B-EBB7-44A8-B05E-AD3F032EC727}"
EndProject
Project("{8BC9CEB8-8B4A-11D0-8D11-00A0C91BC942}") = "op.xspeed", "..\..\orderpassing\xspeed\projects\vc90\op.xspeed2.vcxproj", "{0833E228-DA58-4C26-907A-7C5916F04CAD}"
EndProject
Project("{8BC9CEB8-8B4A-11D0-8D11-00A0C91BC942}") = "op.xspeed_of", "..\..\orderpassing\xspeed_of\projects\vc90\op.xspeed2.OF.vcxproj", "{884EA2B8-9C1A-4513-8FD0-233C16FA894C}"
EndProject
Project("{8BC9CEB8-8B4A-11D0-8D11-00A0C91BC942}") = "libthrift", "..\..\terra\thrift_include\thrift\libthrift.vcxproj", "{DD26F57E-60F2-4F37-A616-D219A9BF338F}"
EndProject
Project("{8BC9CEB8-8B4A-11D0-8D11-00A0C91BC942}") = "libthriftnb", "..\..\terra\thrift_include\thrift\libthriftnb.vcxproj", "{D8696CCE-7D46-4659-B432-91754A41DEB0}"
EndProject
Project("{8BC9CEB8-8B4A-11D0-8D11-00A0C91BC942}") = "zlibstat", "..\..\terra\thrift_include\zlib-1.2.8\contrib\vstudio\vc11\zlibstat.vcxproj", "{745DEC58-EBB3-47A9-A9B8-4C6627C01BF8}"
EndProject
Project("{2150E333-8FDC-42A3-9474-1A3956D46DE8}") = "Solution Items", "Solution Items", "{424D14D8-5617-44D7-ACEC-5448619E9BEC}"
EndProject
Project("{8BC9CEB8-8B4A-11D0-8D11-00A0C91BC942}") = "feed.xspeed2", "..\..\feed\xspeed2\projects\vc90\feed.xspeed2.vcxproj", "{3C3B6E0B-723F-45B4-8CE7-7A0A3C0213D4}"
EndProject
Project("{8BC9CEB8-8B4A-11D0-8D11-00A0C91BC942}") = "simpleats", "..\..\simpleats\projects\simpleats.vcxproj", "{E846B76B-C241-450A-88D8-CD73D877AB76}"
EndProject
Project("{8BC9CEB8-8B4A-11D0-8D11-00A0C91BC942}") = "feed.ltsudp", "..\..\feed\ltsudp\projects\vc90\feedv2.ltsudp.vcxproj", "{8BA0DE22-5ACB-4390-91D6-86BEFD2D8907}"
EndProject
Project("{8BC9CEB8-8B4A-11D0-8D11-00A0C91BC942}") = "feed.ltscffexudp", "..\..\feed\ltscffexudp\projects\vc90\feedv2.ltscffexudp.vcxproj", "{CADB686D-46B8-42F6-8DE3-26D0D397ABB0}"
EndProject
Project("{8BC9CEB8-8B4A-11D0-8D11-00A0C91BC942}") = "terra.zmq", "..\..\terra\zmq404\projects\zmq.vcxproj", "{FB4985E4-4006-4B76-AF04-BF8566760FEF}"
EndProject
Project("{8BC9CEB8-8B4A-11D0-8D11-00A0C91BC942}") = "feed.ib", "..\..\feed\ib\projects\vc90\feed.ib.vcxproj", "{007A9B06-E46A-48F5-B049-1B95FD64229C}"
EndProject
Project("{8BC9CEB8-8B4A-11D0-8D11-00A0C91BC942}") = "op.ib", "..\..\orderpassing\ib\projects\vc90\op.ib.vcxproj", "{29D51B8E-6177-4CA1-965C-DAECD8161A39}"
EndProject
Project("{8BC9CEB8-8B4A-11D0-8D11-00A0C91BC942}") = "feed.fs", "..\..\feed\fs\projects\vc90\feedv2.fs.vcxproj", "{C26B7FBE-3261-4835-8A07-D177140B9E66}"
EndProject
Project("{8BC9CEB8-8B4A-11D0-8D11-00A0C91BC942}") = "op.fs", "..\..\orderpassing\fs\projects\vc90\op.fs.vcxproj", "{91146D5C-D81D-4816-9BAB-2A7B956D14C9}"
EndProject
Project("{8BC9CEB8-8B4A-11D0-8D11-00A0C91BC942}") = "feed.tdf", "..\..\feed\tdf\projects\tdf.vcxproj", "{EE9145B0-A49C-451C-93DB-378A2B13B4D0}"
EndProject
Project("{8BC9CEB8-8B4A-11D0-8D11-00A0C91BC942}") = "feed.sl", "..\..\feed\sl\projects\vc90\feedv2.sl.vcxproj", "{A921CE72-DFAB-436B-BEA0-20F6AE3BC9D6}"
EndProject
Project("{8BC9CEB8-8B4A-11D0-8D11-00A0C91BC942}") = "op.sl", "..\..\orderpassing\sl\projects\vc90\op.sl.vcxproj", "{8FB540D1-F23D-4BA2-AD49-6D9413C0C49C}"
EndProject
Project("{8BC9CEB8-8B4A-11D0-8D11-00A0C91BC942}") = "op.lts_file", "..\..\orderpassing\lts_file\projects\vc90\op.lts2_file.vcxproj", "{49A1609F-7A84-4AE9-8AE4-0A84601E7081}"
EndProject
Project("{8BC9CEB8-8B4A-11D0-8D11-00A0C91BC942}") = "op.gx", "..\..\orderpassing\gx\projects\vc90\op.gx.vcxproj", "{62211EBA-7DCA-4C66-B1B4-87B49F7BEC15}"
EndProject
Project("{8BC9CEB8-8B4A-11D0-8D11-00A0C91BC942}") = "ELInterop", "..\..\orderpassing\ELInterop\ELInterop.vcxproj", "{CF13528C-52EF-4BFB-AA6B-33FDB94A4ECD}"
EndProject
Project("{8BC9CEB8-8B4A-11D0-8D11-00A0C91BC942}") = "op.x1", "..\..\orderpassing\x1\projects\vc90\op.x1.vcxproj", "{E3C911ED-1132-4590-A510-5DFB91F3785E}"
EndProject
Project("{8BC9CEB8-8B4A-11D0-8D11-00A0C91BC942}") = "feed.es", "..\..\feed\es\projects\vc90\feedv2.es.vcxproj", "{B6626E27-23C4-46F0-9423-82045D5EEF57}"
EndProject
Project("{8BC9CEB8-8B4A-11D0-8D11-00A0C91BC942}") = "op.es", "..\..\orderpassing\es\projects\vc90\op.es.vcxproj", "{8C3A808C-1AB5-487B-B914-753E41801758}"
EndProject
Project("{8BC9CEB8-8B4A-11D0-8D11-00A0C91BC942}") = "feed.xsl2", "..\..\feed\xsl2\projects\vc90\feedv2.xsl2.vcxproj", "{CFB6B9F0-0C9E-48D4-A1E2-F0D1258E7DC3}"
EndProject
Project("{8BC9CEB8-8B4A-11D0-8D11-00A0C91BC942}") = "op.femas", "..\..\orderpassing\femas\projects\op.femas.vcxproj", "{3E83DB02-A179-4B28-8317-364B0CE550C2}"
EndProject
Project("{8BC9CEB8-8B4A-11D0-8D11-00A0C91BC942}") = "feed.sl2", "..\..\feed\sl2\projects\vc90\feedv2.sl2.vcxproj", "{48999CCA-6D47-4D95-88D2-0814324103C4}"
EndProject
Project("{8BC9CEB8-8B4A-11D0-8D11-00A0C91BC942}") = "feed.sf", "..\..\feed\sf\projects\vc90\feedv2.sf.vcxproj", "{EB981031-1428-4D9E-B99E-12431A6F1E52}"
EndProject
Project("{8BC9CEB8-8B4A-11D0-8D11-00A0C91BC942}") = "op.sf", "..\..\orderpassing\sf\projects\vc90\op.sf.vcxproj", "{1A100D5C-29E9-4638-9728-2A544059AAE7}"
EndProject
Project("{8BC9CEB8-8B4A-11D0-8D11-00A0C91BC942}") = "TwsSocketClient", "..\..\feed\TwsSocketClient\TwsSocketClient.vcxproj", "{E9C3126E-CEA8-41A8-A714-7644B016DB3C}"
EndProject
Project("{8BC9CEB8-8B4A-11D0-8D11-00A0C91BC942}") = "feed.zd", "..\..\feed\zd\projects\vc90\feedv2.zd.vcxproj", "{FF8FEA2B-81F0-4D44-A40B-596B3A2157CC}"
EndProject
Project("{8BC9CEB8-8B4A-11D0-8D11-00A0C91BC942}") = "op.zd", "..\..\orderpassing\zd\projects\vc90\op.zd.vcxproj", "{01EB898E-8913-43D7-A202-8899362147E3}"
EndProject
Project("{8BC9CEB8-8B4A-11D0-8D11-00A0C91BC942}") = "op.ht_file", "..\..\orderpassing\ht_file\projects\vc90\op.ht_file.vcxproj", "{8989BB5B-2C76-4F63-A486-F4D070F0622B}"
EndProject
Project("{8BC9CEB8-8B4A-11D0-8D11-00A0C91BC942}") = "op.gx_file", "..\..\orderpassing\gx_file\projects\vc90\op.gx_file.vcxproj", "{AD058450-198E-412F-BF4A-3352209E8BF2}"
EndProject
Project("{8BC9CEB8-8B4A-11D0-8D11-00A0C91BC942}") = "nanomsg", "..\..\terra\nanomsg-1.0.0\src\nanomsg.vcxproj", "{EC5C7D05-E168-39B7-8813-5472B53FF883}"
EndProject
Project("{8BC9CEB8-8B4A-11D0-8D11-00A0C91BC942}") = "feed.xele", "..\..\feed\xele\projects\vc90\feed.xele.vcxproj", "{EDE1C7E9-7ECD-48AE-BCC1-480622B4CE7F}"
EndProject
Project("{8BC9CEB8-8B4A-11D0-8D11-00A0C91BC942}") = "op.cffex", "..\..\orderpassing\cffex\projects\vc90\op.cffex2.vcxproj", "{CD0EEC88-BF21-47BA-A600-DA947C96631D}"
EndProject
Global
	GlobalSection(SolutionConfigurationPlatforms) = preSolution
		Debug|Win32 = Debug|Win32
		Debug|x64 = Debug|x64
		Debug-mt|Win32 = Debug-mt|Win32
		Debug-mt|x64 = Debug-mt|x64
		Release|Win32 = Release|Win32
		Release|x64 = Release|x64
		Release-mt|Win32 = Release-mt|Win32
		Release-mt|x64 = Release-mt|x64
		ReleaseWithoutAsm|Win32 = ReleaseWithoutAsm|Win32
		ReleaseWithoutAsm|x64 = ReleaseWithoutAsm|x64
	EndGlobalSection
	GlobalSection(ProjectConfigurationPlatforms) = postSolution
		{F0CDA718-6404-4AA0-95B6-F86AC97CD0A3}.Debug|Win32.ActiveCfg = Debug|Win32
		{F0CDA718-6404-4AA0-95B6-F86AC97CD0A3}.Debug|Win32.Build.0 = Debug|Win32
		{F0CDA718-6404-4AA0-95B6-F86AC97CD0A3}.Debug|x64.ActiveCfg = Debug|Win32
		{F0CDA718-6404-4AA0-95B6-F86AC97CD0A3}.Debug-mt|Win32.ActiveCfg = Debug|Win32
		{F0CDA718-6404-4AA0-95B6-F86AC97CD0A3}.Debug-mt|Win32.Build.0 = Debug|Win32
		{F0CDA718-6404-4AA0-95B6-F86AC97CD0A3}.Debug-mt|x64.ActiveCfg = Debug|Win32
		{F0CDA718-6404-4AA0-95B6-F86AC97CD0A3}.Release|Win32.ActiveCfg = Release|Win32
		{F0CDA718-6404-4AA0-95B6-F86AC97CD0A3}.Release|Win32.Build.0 = Release|Win32
		{F0CDA718-6404-4AA0-95B6-F86AC97CD0A3}.Release|x64.ActiveCfg = Release|Win32
		{F0CDA718-6404-4AA0-95B6-F86AC97CD0A3}.Release-mt|Win32.ActiveCfg = Release|Win32
		{F0CDA718-6404-4AA0-95B6-F86AC97CD0A3}.Release-mt|Win32.Build.0 = Release|Win32
		{F0CDA718-6404-4AA0-95B6-F86AC97CD0A3}.Release-mt|x64.ActiveCfg = Release|Win32
		{F0CDA718-6404-4AA0-95B6-F86AC97CD0A3}.ReleaseWithoutAsm|Win32.ActiveCfg = Release|Win32
		{F0CDA718-6404-4AA0-95B6-F86AC97CD0A3}.ReleaseWithoutAsm|Win32.Build.0 = Release|Win32
		{F0CDA718-6404-4AA0-95B6-F86AC97CD0A3}.ReleaseWithoutAsm|x64.ActiveCfg = Release|Win32
		{19294342-2779-4437-B625-972435BC88CB}.Debug|Win32.ActiveCfg = Debug|Win32
		{19294342-2779-4437-B625-972435BC88CB}.Debug|Win32.Build.0 = Debug|Win32
		{19294342-2779-4437-B625-972435BC88CB}.Debug|x64.ActiveCfg = Debug|Win32
		{19294342-2779-4437-B625-972435BC88CB}.Debug-mt|Win32.ActiveCfg = Debug|Win32
		{19294342-2779-4437-B625-972435BC88CB}.Debug-mt|Win32.Build.0 = Debug|Win32
		{19294342-2779-4437-B625-972435BC88CB}.Debug-mt|x64.ActiveCfg = Debug|Win32
		{19294342-2779-4437-B625-972435BC88CB}.Release|Win32.ActiveCfg = Release|Win32
		{19294342-2779-4437-B625-972435BC88CB}.Release|Win32.Build.0 = Release|Win32
		{19294342-2779-4437-B625-972435BC88CB}.Release|x64.ActiveCfg = Release|Win32
		{19294342-2779-4437-B625-972435BC88CB}.Release-mt|Win32.ActiveCfg = Release|Win32
		{19294342-2779-4437-B625-972435BC88CB}.Release-mt|Win32.Build.0 = Release|Win32
		{19294342-2779-4437-B625-972435BC88CB}.Release-mt|x64.ActiveCfg = Release|Win32
		{19294342-2779-4437-B625-972435BC88CB}.ReleaseWithoutAsm|Win32.ActiveCfg = Release|Win32
		{19294342-2779-4437-B625-972435BC88CB}.ReleaseWithoutAsm|Win32.Build.0 = Release|Win32
		{19294342-2779-4437-B625-972435BC88CB}.ReleaseWithoutAsm|x64.ActiveCfg = Release|Win32
		{CA017F58-F505-4FE8-B348-87CB88A516BF}.Debug|Win32.ActiveCfg = Debug|Win32
		{CA017F58-F505-4FE8-B348-87CB88A516BF}.Debug|Win32.Build.0 = Debug|Win32
		{CA017F58-F505-4FE8-B348-87CB88A516BF}.Debug|x64.ActiveCfg = Debug|Win32
		{CA017F58-F505-4FE8-B348-87CB88A516BF}.Debug-mt|Win32.ActiveCfg = Debug|Win32
		{CA017F58-F505-4FE8-B348-87CB88A516BF}.Debug-mt|Win32.Build.0 = Debug|Win32
		{CA017F58-F505-4FE8-B348-87CB88A516BF}.Debug-mt|x64.ActiveCfg = Debug|Win32
		{CA017F58-F505-4FE8-B348-87CB88A516BF}.Release|Win32.ActiveCfg = Release|Win32
		{CA017F58-F505-4FE8-B348-87CB88A516BF}.Release|Win32.Build.0 = Release|Win32
		{CA017F58-F505-4FE8-B348-87CB88A516BF}.Release|x64.ActiveCfg = Release|Win32
		{CA017F58-F505-4FE8-B348-87CB88A516BF}.Release-mt|Win32.ActiveCfg = Release|Win32
		{CA017F58-F505-4FE8-B348-87CB88A516BF}.Release-mt|Win32.Build.0 = Release|Win32
		{CA017F58-F505-4FE8-B348-87CB88A516BF}.Release-mt|x64.ActiveCfg = Release|Win32
		{CA017F58-F505-4FE8-B348-87CB88A516BF}.ReleaseWithoutAsm|Win32.ActiveCfg = Release|Win32
		{CA017F58-F505-4FE8-B348-87CB88A516BF}.ReleaseWithoutAsm|Win32.Build.0 = Release|Win32
		{CA017F58-F505-4FE8-B348-87CB88A516BF}.ReleaseWithoutAsm|x64.ActiveCfg = Release|Win32
		{43C79BA0-68A6-4F82-ADDF-F173AD050F2C}.Debug|Win32.ActiveCfg = Debug|Win32
		{43C79BA0-68A6-4F82-ADDF-F173AD050F2C}.Debug|Win32.Build.0 = Debug|Win32
		{43C79BA0-68A6-4F82-ADDF-F173AD050F2C}.Debug|x64.ActiveCfg = Debug|Win32
		{43C79BA0-68A6-4F82-ADDF-F173AD050F2C}.Debug-mt|Win32.ActiveCfg = Debug|Win32
		{43C79BA0-68A6-4F82-ADDF-F173AD050F2C}.Debug-mt|Win32.Build.0 = Debug|Win32
		{43C79BA0-68A6-4F82-ADDF-F173AD050F2C}.Debug-mt|x64.ActiveCfg = Debug|Win32
		{43C79BA0-68A6-4F82-ADDF-F173AD050F2C}.Release|Win32.ActiveCfg = Release|Win32
		{43C79BA0-68A6-4F82-ADDF-F173AD050F2C}.Release|Win32.Build.0 = Release|Win32
		{43C79BA0-68A6-4F82-ADDF-F173AD050F2C}.Release|x64.ActiveCfg = Release|Win32
		{43C79BA0-68A6-4F82-ADDF-F173AD050F2C}.Release-mt|Win32.ActiveCfg = Release|Win32
		{43C79BA0-68A6-4F82-ADDF-F173AD050F2C}.Release-mt|Win32.Build.0 = Release|Win32
		{43C79BA0-68A6-4F82-ADDF-F173AD050F2C}.Release-mt|x64.ActiveCfg = Release|Win32
		{43C79BA0-68A6-4F82-ADDF-F173AD050F2C}.ReleaseWithoutAsm|Win32.ActiveCfg = Release|Win32
		{43C79BA0-68A6-4F82-ADDF-F173AD050F2C}.ReleaseWithoutAsm|Win32.Build.0 = Release|Win32
		{43C79BA0-68A6-4F82-ADDF-F173AD050F2C}.ReleaseWithoutAsm|x64.ActiveCfg = Release|Win32
		{BB13E65D-C1C0-41BD-825B-A0CDFEAF3AA3}.Debug|Win32.ActiveCfg = Debug|Win32
		{BB13E65D-C1C0-41BD-825B-A0CDFEAF3AA3}.Debug|Win32.Build.0 = Debug|Win32
		{BB13E65D-C1C0-41BD-825B-A0CDFEAF3AA3}.Debug|x64.ActiveCfg = Debug|Win32
		{BB13E65D-C1C0-41BD-825B-A0CDFEAF3AA3}.Debug-mt|Win32.ActiveCfg = Debug|Win32
		{BB13E65D-C1C0-41BD-825B-A0CDFEAF3AA3}.Debug-mt|Win32.Build.0 = Debug|Win32
		{BB13E65D-C1C0-41BD-825B-A0CDFEAF3AA3}.Debug-mt|x64.ActiveCfg = Debug|Win32
		{BB13E65D-C1C0-41BD-825B-A0CDFEAF3AA3}.Release|Win32.ActiveCfg = Release|Win32
		{BB13E65D-C1C0-41BD-825B-A0CDFEAF3AA3}.Release|Win32.Build.0 = Release|Win32
		{BB13E65D-C1C0-41BD-825B-A0CDFEAF3AA3}.Release|x64.ActiveCfg = Release|Win32
		{BB13E65D-C1C0-41BD-825B-A0CDFEAF3AA3}.Release-mt|Win32.ActiveCfg = Release|Win32
		{BB13E65D-C1C0-41BD-825B-A0CDFEAF3AA3}.Release-mt|Win32.Build.0 = Release|Win32
		{BB13E65D-C1C0-41BD-825B-A0CDFEAF3AA3}.Release-mt|x64.ActiveCfg = Release|Win32
		{BB13E65D-C1C0-41BD-825B-A0CDFEAF3AA3}.ReleaseWithoutAsm|Win32.ActiveCfg = Release|Win32
		{BB13E65D-C1C0-41BD-825B-A0CDFEAF3AA3}.ReleaseWithoutAsm|Win32.Build.0 = Release|Win32
		{BB13E65D-C1C0-41BD-825B-A0CDFEAF3AA3}.ReleaseWithoutAsm|x64.ActiveCfg = Release|Win32
		{A0A1D0D8-47FE-49ED-9772-933446770856}.Debug|Win32.ActiveCfg = Debug|Win32
		{A0A1D0D8-47FE-49ED-9772-933446770856}.Debug|Win32.Build.0 = Debug|Win32
		{A0A1D0D8-47FE-49ED-9772-933446770856}.Debug|x64.ActiveCfg = Debug|Win32
		{A0A1D0D8-47FE-49ED-9772-933446770856}.Debug-mt|Win32.ActiveCfg = Debug|Win32
		{A0A1D0D8-47FE-49ED-9772-933446770856}.Debug-mt|Win32.Build.0 = Debug|Win32
		{A0A1D0D8-47FE-49ED-9772-933446770856}.Debug-mt|x64.ActiveCfg = Debug|Win32
		{A0A1D0D8-47FE-49ED-9772-933446770856}.Release|Win32.ActiveCfg = Release|Win32
		{A0A1D0D8-47FE-49ED-9772-933446770856}.Release|Win32.Build.0 = Release|Win32
		{A0A1D0D8-47FE-49ED-9772-933446770856}.Release|x64.ActiveCfg = Release|Win32
		{A0A1D0D8-47FE-49ED-9772-933446770856}.Release-mt|Win32.ActiveCfg = Release|Win32
		{A0A1D0D8-47FE-49ED-9772-933446770856}.Release-mt|Win32.Build.0 = Release|Win32
		{A0A1D0D8-47FE-49ED-9772-933446770856}.Release-mt|x64.ActiveCfg = Release|Win32
		{A0A1D0D8-47FE-49ED-9772-933446770856}.ReleaseWithoutAsm|Win32.ActiveCfg = Release|Win32
		{A0A1D0D8-47FE-49ED-9772-933446770856}.ReleaseWithoutAsm|Win32.Build.0 = Release|Win32
		{A0A1D0D8-47FE-49ED-9772-933446770856}.ReleaseWithoutAsm|x64.ActiveCfg = Release|Win32
		{11C4684F-3BB7-489A-93AD-C5F210BBFA67}.Debug|Win32.ActiveCfg = Debug|Win32
		{11C4684F-3BB7-489A-93AD-C5F210BBFA67}.Debug|Win32.Build.0 = Debug|Win32
		{11C4684F-3BB7-489A-93AD-C5F210BBFA67}.Debug|x64.ActiveCfg = Debug|Win32
		{11C4684F-3BB7-489A-93AD-C5F210BBFA67}.Debug-mt|Win32.ActiveCfg = Debug|Win32
		{11C4684F-3BB7-489A-93AD-C5F210BBFA67}.Debug-mt|Win32.Build.0 = Debug|Win32
		{11C4684F-3BB7-489A-93AD-C5F210BBFA67}.Debug-mt|x64.ActiveCfg = Debug|Win32
		{11C4684F-3BB7-489A-93AD-C5F210BBFA67}.Release|Win32.ActiveCfg = Release|Win32
		{11C4684F-3BB7-489A-93AD-C5F210BBFA67}.Release|Win32.Build.0 = Release|Win32
		{11C4684F-3BB7-489A-93AD-C5F210BBFA67}.Release|x64.ActiveCfg = Release|Win32
		{11C4684F-3BB7-489A-93AD-C5F210BBFA67}.Release-mt|Win32.ActiveCfg = Release|Win32
		{11C4684F-3BB7-489A-93AD-C5F210BBFA67}.Release-mt|Win32.Build.0 = Release|Win32
		{11C4684F-3BB7-489A-93AD-C5F210BBFA67}.Release-mt|x64.ActiveCfg = Release|Win32
		{11C4684F-3BB7-489A-93AD-C5F210BBFA67}.ReleaseWithoutAsm|Win32.ActiveCfg = Release|Win32
		{11C4684F-3BB7-489A-93AD-C5F210BBFA67}.ReleaseWithoutAsm|Win32.Build.0 = Release|Win32
		{11C4684F-3BB7-489A-93AD-C5F210BBFA67}.ReleaseWithoutAsm|x64.ActiveCfg = Release|Win32
		{B816749B-36E9-425E-A3E3-380D2F86E4D6}.Debug|Win32.ActiveCfg = Debug|Win32
		{B816749B-36E9-425E-A3E3-380D2F86E4D6}.Debug|Win32.Build.0 = Debug|Win32
		{B816749B-36E9-425E-A3E3-380D2F86E4D6}.Debug|x64.ActiveCfg = Debug|Win32
		{B816749B-36E9-425E-A3E3-380D2F86E4D6}.Debug-mt|Win32.ActiveCfg = Debug|Win32
		{B816749B-36E9-425E-A3E3-380D2F86E4D6}.Debug-mt|Win32.Build.0 = Debug|Win32
		{B816749B-36E9-425E-A3E3-380D2F86E4D6}.Debug-mt|x64.ActiveCfg = Debug|Win32
		{B816749B-36E9-425E-A3E3-380D2F86E4D6}.Release|Win32.ActiveCfg = Release|Win32
		{B816749B-36E9-425E-A3E3-380D2F86E4D6}.Release|Win32.Build.0 = Release|Win32
		{B816749B-36E9-425E-A3E3-380D2F86E4D6}.Release|x64.ActiveCfg = Release|Win32
		{B816749B-36E9-425E-A3E3-380D2F86E4D6}.Release-mt|Win32.ActiveCfg = Release|Win32
		{B816749B-36E9-425E-A3E3-380D2F86E4D6}.Release-mt|Win32.Build.0 = Release|Win32
		{B816749B-36E9-425E-A3E3-380D2F86E4D6}.Release-mt|x64.ActiveCfg = Release|Win32
		{B816749B-36E9-425E-A3E3-380D2F86E4D6}.ReleaseWithoutAsm|Win32.ActiveCfg = Release|Win32
		{B816749B-36E9-425E-A3E3-380D2F86E4D6}.ReleaseWithoutAsm|Win32.Build.0 = Release|Win32
		{B816749B-36E9-425E-A3E3-380D2F86E4D6}.ReleaseWithoutAsm|x64.ActiveCfg = Release|Win32
		{6DE4ECA3-5FD5-400F-9D9E-6AF2A3D9F2A5}.Debug|Win32.ActiveCfg = Debug|Win32
		{6DE4ECA3-5FD5-400F-9D9E-6AF2A3D9F2A5}.Debug|Win32.Build.0 = Debug|Win32
		{6DE4ECA3-5FD5-400F-9D9E-6AF2A3D9F2A5}.Debug|x64.ActiveCfg = Debug|Win32
		{6DE4ECA3-5FD5-400F-9D9E-6AF2A3D9F2A5}.Debug-mt|Win32.ActiveCfg = Debug|Win32
		{6DE4ECA3-5FD5-400F-9D9E-6AF2A3D9F2A5}.Debug-mt|Win32.Build.0 = Debug|Win32
		{6DE4ECA3-5FD5-400F-9D9E-6AF2A3D9F2A5}.Debug-mt|x64.ActiveCfg = Debug|Win32
		{6DE4ECA3-5FD5-400F-9D9E-6AF2A3D9F2A5}.Release|Win32.ActiveCfg = Release|Win32
		{6DE4ECA3-5FD5-400F-9D9E-6AF2A3D9F2A5}.Release|Win32.Build.0 = Release|Win32
		{6DE4ECA3-5FD5-400F-9D9E-6AF2A3D9F2A5}.Release|x64.ActiveCfg = Release|Win32
		{6DE4ECA3-5FD5-400F-9D9E-6AF2A3D9F2A5}.Release-mt|Win32.ActiveCfg = Release|Win32
		{6DE4ECA3-5FD5-400F-9D9E-6AF2A3D9F2A5}.Release-mt|Win32.Build.0 = Release|Win32
		{6DE4ECA3-5FD5-400F-9D9E-6AF2A3D9F2A5}.Release-mt|x64.ActiveCfg = Release|Win32
		{6DE4ECA3-5FD5-400F-9D9E-6AF2A3D9F2A5}.ReleaseWithoutAsm|Win32.ActiveCfg = Release|Win32
		{6DE4ECA3-5FD5-400F-9D9E-6AF2A3D9F2A5}.ReleaseWithoutAsm|Win32.Build.0 = Release|Win32
		{6DE4ECA3-5FD5-400F-9D9E-6AF2A3D9F2A5}.ReleaseWithoutAsm|x64.ActiveCfg = Release|Win32
		{1260F1E7-A883-462A-BFCC-97573FD95E5E}.Debug|Win32.ActiveCfg = Debug|Win32
		{1260F1E7-A883-462A-BFCC-97573FD95E5E}.Debug|Win32.Build.0 = Debug|Win32
		{1260F1E7-A883-462A-BFCC-97573FD95E5E}.Debug|x64.ActiveCfg = Debug|Win32
		{1260F1E7-A883-462A-BFCC-97573FD95E5E}.Debug-mt|Win32.ActiveCfg = Debug|Win32
		{1260F1E7-A883-462A-BFCC-97573FD95E5E}.Debug-mt|Win32.Build.0 = Debug|Win32
		{1260F1E7-A883-462A-BFCC-97573FD95E5E}.Debug-mt|x64.ActiveCfg = Debug|Win32
		{1260F1E7-A883-462A-BFCC-97573FD95E5E}.Release|Win32.ActiveCfg = Release|Win32
		{1260F1E7-A883-462A-BFCC-97573FD95E5E}.Release|Win32.Build.0 = Release|Win32
		{1260F1E7-A883-462A-BFCC-97573FD95E5E}.Release|x64.ActiveCfg = Release|Win32
		{1260F1E7-A883-462A-BFCC-97573FD95E5E}.Release-mt|Win32.ActiveCfg = Release|Win32
		{1260F1E7-A883-462A-BFCC-97573FD95E5E}.Release-mt|Win32.Build.0 = Release|Win32
		{1260F1E7-A883-462A-BFCC-97573FD95E5E}.Release-mt|x64.ActiveCfg = Release|Win32
		{1260F1E7-A883-462A-BFCC-97573FD95E5E}.ReleaseWithoutAsm|Win32.ActiveCfg = Release|Win32
		{1260F1E7-A883-462A-BFCC-97573FD95E5E}.ReleaseWithoutAsm|Win32.Build.0 = Release|Win32
		{1260F1E7-A883-462A-BFCC-97573FD95E5E}.ReleaseWithoutAsm|x64.ActiveCfg = Release|Win32
		{81595B90-233D-4C27-9259-85D7D0504C9E}.Debug|Win32.ActiveCfg = Debug|Win32
		{81595B90-233D-4C27-9259-85D7D0504C9E}.Debug|Win32.Build.0 = Debug|Win32
		{81595B90-233D-4C27-9259-85D7D0504C9E}.Debug|x64.ActiveCfg = Debug|Win32
		{81595B90-233D-4C27-9259-85D7D0504C9E}.Debug-mt|Win32.ActiveCfg = Debug|Win32
		{81595B90-233D-4C27-9259-85D7D0504C9E}.Debug-mt|Win32.Build.0 = Debug|Win32
		{81595B90-233D-4C27-9259-85D7D0504C9E}.Debug-mt|x64.ActiveCfg = Debug|Win32
		{81595B90-233D-4C27-9259-85D7D0504C9E}.Release|Win32.ActiveCfg = Release|Win32
		{81595B90-233D-4C27-9259-85D7D0504C9E}.Release|Win32.Build.0 = Release|Win32
		{81595B90-233D-4C27-9259-85D7D0504C9E}.Release|x64.ActiveCfg = Release|Win32
		{81595B90-233D-4C27-9259-85D7D0504C9E}.Release-mt|Win32.ActiveCfg = Release|Win32
		{81595B90-233D-4C27-9259-85D7D0504C9E}.Release-mt|Win32.Build.0 = Release|Win32
		{81595B90-233D-4C27-9259-85D7D0504C9E}.Release-mt|x64.ActiveCfg = Release|Win32
		{81595B90-233D-4C27-9259-85D7D0504C9E}.ReleaseWithoutAsm|Win32.ActiveCfg = Release|Win32
		{81595B90-233D-4C27-9259-85D7D0504C9E}.ReleaseWithoutAsm|Win32.Build.0 = Release|Win32
		{81595B90-233D-4C27-9259-85D7D0504C9E}.ReleaseWithoutAsm|x64.ActiveCfg = Release|Win32
		{513CFB9C-0A75-47B1-87B1-54B045E738E6}.Debug|Win32.ActiveCfg = Debug|Win32
		{513CFB9C-0A75-47B1-87B1-54B045E738E6}.Debug|Win32.Build.0 = Debug|Win32
		{513CFB9C-0A75-47B1-87B1-54B045E738E6}.Debug|x64.ActiveCfg = Debug|Win32
		{513CFB9C-0A75-47B1-87B1-54B045E738E6}.Debug-mt|Win32.ActiveCfg = Debug|Win32
		{513CFB9C-0A75-47B1-87B1-54B045E738E6}.Debug-mt|Win32.Build.0 = Debug|Win32
		{513CFB9C-0A75-47B1-87B1-54B045E738E6}.Debug-mt|x64.ActiveCfg = Debug|Win32
		{513CFB9C-0A75-47B1-87B1-54B045E738E6}.Release|Win32.ActiveCfg = Release|Win32
		{513CFB9C-0A75-47B1-87B1-54B045E738E6}.Release|Win32.Build.0 = Release|Win32
		{513CFB9C-0A75-47B1-87B1-54B045E738E6}.Release|x64.ActiveCfg = Release|Win32
		{513CFB9C-0A75-47B1-87B1-54B045E738E6}.Release-mt|Win32.ActiveCfg = Release|Win32
		{513CFB9C-0A75-47B1-87B1-54B045E738E6}.Release-mt|Win32.Build.0 = Release|Win32
		{513CFB9C-0A75-47B1-87B1-54B045E738E6}.Release-mt|x64.ActiveCfg = Release|Win32
		{513CFB9C-0A75-47B1-87B1-54B045E738E6}.ReleaseWithoutAsm|Win32.ActiveCfg = Release|Win32
		{513CFB9C-0A75-47B1-87B1-54B045E738E6}.ReleaseWithoutAsm|Win32.Build.0 = Release|Win32
		{513CFB9C-0A75-47B1-87B1-54B045E738E6}.ReleaseWithoutAsm|x64.ActiveCfg = Release|Win32
		{3B5E642B-EBB7-44A8-B05E-AD3F032EC727}.Debug|Win32.ActiveCfg = Debug|Win32
		{3B5E642B-EBB7-44A8-B05E-AD3F032EC727}.Debug|Win32.Build.0 = Debug|Win32
		{3B5E642B-EBB7-44A8-B05E-AD3F032EC727}.Debug|x64.ActiveCfg = Debug|Win32
		{3B5E642B-EBB7-44A8-B05E-AD3F032EC727}.Debug-mt|Win32.ActiveCfg = Debug|Win32
		{3B5E642B-EBB7-44A8-B05E-AD3F032EC727}.Debug-mt|Win32.Build.0 = Debug|Win32
		{3B5E642B-EBB7-44A8-B05E-AD3F032EC727}.Debug-mt|x64.ActiveCfg = Debug|Win32
		{3B5E642B-EBB7-44A8-B05E-AD3F032EC727}.Release|Win32.ActiveCfg = Release|Win32
		{3B5E642B-EBB7-44A8-B05E-AD3F032EC727}.Release|Win32.Build.0 = Release|Win32
		{3B5E642B-EBB7-44A8-B05E-AD3F032EC727}.Release|x64.ActiveCfg = Release|Win32
		{3B5E642B-EBB7-44A8-B05E-AD3F032EC727}.Release-mt|Win32.ActiveCfg = Release|Win32
		{3B5E642B-EBB7-44A8-B05E-AD3F032EC727}.Release-mt|Win32.Build.0 = Release|Win32
		{3B5E642B-EBB7-44A8-B05E-AD3F032EC727}.Release-mt|x64.ActiveCfg = Release|Win32
		{3B5E642B-EBB7-44A8-B05E-AD3F032EC727}.ReleaseWithoutAsm|Win32.ActiveCfg = Release|Win32
		{3B5E642B-EBB7-44A8-B05E-AD3F032EC727}.ReleaseWithoutAsm|Win32.Build.0 = Release|Win32
		{3B5E642B-EBB7-44A8-B05E-AD3F032EC727}.ReleaseWithoutAsm|x64.ActiveCfg = Release|Win32
		{0833E228-DA58-4C26-907A-7C5916F04CAD}.Debug|Win32.ActiveCfg = Debug|Win32
		{0833E228-DA58-4C26-907A-7C5916F04CAD}.Debug|Win32.Build.0 = Debug|Win32
		{0833E228-DA58-4C26-907A-7C5916F04CAD}.Debug|x64.ActiveCfg = Debug|Win32
		{0833E228-DA58-4C26-907A-7C5916F04CAD}.Debug-mt|Win32.ActiveCfg = Debug|Win32
		{0833E228-DA58-4C26-907A-7C5916F04CAD}.Debug-mt|Win32.Build.0 = Debug|Win32
		{0833E228-DA58-4C26-907A-7C5916F04CAD}.Debug-mt|x64.ActiveCfg = Debug|Win32
		{0833E228-DA58-4C26-907A-7C5916F04CAD}.Release|Win32.ActiveCfg = Release|Win32
		{0833E228-DA58-4C26-907A-7C5916F04CAD}.Release|Win32.Build.0 = Release|Win32
		{0833E228-DA58-4C26-907A-7C5916F04CAD}.Release|x64.ActiveCfg = Release|Win32
		{0833E228-DA58-4C26-907A-7C5916F04CAD}.Release-mt|Win32.ActiveCfg = Release|Win32
		{0833E228-DA58-4C26-907A-7C5916F04CAD}.Release-mt|Win32.Build.0 = Release|Win32
		{0833E228-DA58-4C26-907A-7C5916F04CAD}.Release-mt|x64.ActiveCfg = Release|Win32
		{0833E228-DA58-4C26-907A-7C5916F04CAD}.ReleaseWithoutAsm|Win32.ActiveCfg = Release|Win32
		{0833E228-DA58-4C26-907A-7C5916F04CAD}.ReleaseWithoutAsm|Win32.Build.0 = Release|Win32
		{0833E228-DA58-4C26-907A-7C5916F04CAD}.ReleaseWithoutAsm|x64.ActiveCfg = Release|Win32
		{884EA2B8-9C1A-4513-8FD0-233C16FA894C}.Debug|Win32.ActiveCfg = Debug|Win32
		{884EA2B8-9C1A-4513-8FD0-233C16FA894C}.Debug|Win32.Build.0 = Debug|Win32
		{884EA2B8-9C1A-4513-8FD0-233C16FA894C}.Debug|x64.ActiveCfg = Debug|Win32
		{884EA2B8-9C1A-4513-8FD0-233C16FA894C}.Debug-mt|Win32.ActiveCfg = Debug|Win32
		{884EA2B8-9C1A-4513-8FD0-233C16FA894C}.Debug-mt|Win32.Build.0 = Debug|Win32
		{884EA2B8-9C1A-4513-8FD0-233C16FA894C}.Debug-mt|x64.ActiveCfg = Debug|Win32
		{884EA2B8-9C1A-4513-8FD0-233C16FA894C}.Release|Win32.ActiveCfg = Release|Win32
		{884EA2B8-9C1A-4513-8FD0-233C16FA894C}.Release|Win32.Build.0 = Release|Win32
		{884EA2B8-9C1A-4513-8FD0-233C16FA894C}.Release|x64.ActiveCfg = Release|Win32
		{884EA2B8-9C1A-4513-8FD0-233C16FA894C}.Release-mt|Win32.ActiveCfg = Release|Win32
		{884EA2B8-9C1A-4513-8FD0-233C16FA894C}.Release-mt|Win32.Build.0 = Release|Win32
		{884EA2B8-9C1A-4513-8FD0-233C16FA894C}.Release-mt|x64.ActiveCfg = Release|Win32
		{884EA2B8-9C1A-4513-8FD0-233C16FA894C}.ReleaseWithoutAsm|Win32.ActiveCfg = Release|Win32
		{884EA2B8-9C1A-4513-8FD0-233C16FA894C}.ReleaseWithoutAsm|Win32.Build.0 = Release|Win32
		{884EA2B8-9C1A-4513-8FD0-233C16FA894C}.ReleaseWithoutAsm|x64.ActiveCfg = Release|Win32
		{DD26F57E-60F2-4F37-A616-D219A9BF338F}.Debug|Win32.ActiveCfg = Debug|Win32
		{DD26F57E-60F2-4F37-A616-D219A9BF338F}.Debug|Win32.Build.0 = Debug|Win32
		{DD26F57E-60F2-4F37-A616-D219A9BF338F}.Debug|x64.ActiveCfg = Debug|x64
		{DD26F57E-60F2-4F37-A616-D219A9BF338F}.Debug|x64.Build.0 = Debug|x64
		{DD26F57E-60F2-4F37-A616-D219A9BF338F}.Debug-mt|Win32.ActiveCfg = Debug-mt|Win32
		{DD26F57E-60F2-4F37-A616-D219A9BF338F}.Debug-mt|Win32.Build.0 = Debug-mt|Win32
		{DD26F57E-60F2-4F37-A616-D219A9BF338F}.Debug-mt|x64.ActiveCfg = Debug-mt|x64
		{DD26F57E-60F2-4F37-A616-D219A9BF338F}.Debug-mt|x64.Build.0 = Debug-mt|x64
		{DD26F57E-60F2-4F37-A616-D219A9BF338F}.Release|Win32.ActiveCfg = Release|Win32
		{DD26F57E-60F2-4F37-A616-D219A9BF338F}.Release|Win32.Build.0 = Release|Win32
		{DD26F57E-60F2-4F37-A616-D219A9BF338F}.Release|x64.ActiveCfg = Release|x64
		{DD26F57E-60F2-4F37-A616-D219A9BF338F}.Release|x64.Build.0 = Release|x64
		{DD26F57E-60F2-4F37-A616-D219A9BF338F}.Release-mt|Win32.ActiveCfg = Release-mt|Win32
		{DD26F57E-60F2-4F37-A616-D219A9BF338F}.Release-mt|Win32.Build.0 = Release-mt|Win32
		{DD26F57E-60F2-4F37-A616-D219A9BF338F}.Release-mt|x64.ActiveCfg = Release-mt|x64
		{DD26F57E-60F2-4F37-A616-D219A9BF338F}.Release-mt|x64.Build.0 = Release-mt|x64
		{DD26F57E-60F2-4F37-A616-D219A9BF338F}.ReleaseWithoutAsm|Win32.ActiveCfg = Release-mt|Win32
		{DD26F57E-60F2-4F37-A616-D219A9BF338F}.ReleaseWithoutAsm|Win32.Build.0 = Release-mt|Win32
		{DD26F57E-60F2-4F37-A616-D219A9BF338F}.ReleaseWithoutAsm|x64.ActiveCfg = Release-mt|x64
		{DD26F57E-60F2-4F37-A616-D219A9BF338F}.ReleaseWithoutAsm|x64.Build.0 = Release-mt|x64
		{D8696CCE-7D46-4659-B432-91754A41DEB0}.Debug|Win32.ActiveCfg = Debug|Win32
		{D8696CCE-7D46-4659-B432-91754A41DEB0}.Debug|Win32.Build.0 = Debug|Win32
		{D8696CCE-7D46-4659-B432-91754A41DEB0}.Debug|x64.ActiveCfg = Debug|x64
		{D8696CCE-7D46-4659-B432-91754A41DEB0}.Debug|x64.Build.0 = Debug|x64
		{D8696CCE-7D46-4659-B432-91754A41DEB0}.Debug-mt|Win32.ActiveCfg = Debug-mt|Win32
		{D8696CCE-7D46-4659-B432-91754A41DEB0}.Debug-mt|Win32.Build.0 = Debug-mt|Win32
		{D8696CCE-7D46-4659-B432-91754A41DEB0}.Debug-mt|x64.ActiveCfg = Debug-mt|x64
		{D8696CCE-7D46-4659-B432-91754A41DEB0}.Debug-mt|x64.Build.0 = Debug-mt|x64
		{D8696CCE-7D46-4659-B432-91754A41DEB0}.Release|Win32.ActiveCfg = Release|Win32
		{D8696CCE-7D46-4659-B432-91754A41DEB0}.Release|Win32.Build.0 = Release|Win32
		{D8696CCE-7D46-4659-B432-91754A41DEB0}.Release|x64.ActiveCfg = Release|x64
		{D8696CCE-7D46-4659-B432-91754A41DEB0}.Release|x64.Build.0 = Release|x64
		{D8696CCE-7D46-4659-B432-91754A41DEB0}.Release-mt|Win32.ActiveCfg = Release-mt|Win32
		{D8696CCE-7D46-4659-B432-91754A41DEB0}.Release-mt|Win32.Build.0 = Release-mt|Win32
		{D8696CCE-7D46-4659-B432-91754A41DEB0}.Release-mt|x64.ActiveCfg = Release-mt|x64
		{D8696CCE-7D46-4659-B432-91754A41DEB0}.Release-mt|x64.Build.0 = Release-mt|x64
		{D8696CCE-7D46-4659-B432-91754A41DEB0}.ReleaseWithoutAsm|Win32.ActiveCfg = Release-mt|Win32
		{D8696CCE-7D46-4659-B432-91754A41DEB0}.ReleaseWithoutAsm|Win32.Build.0 = Release-mt|Win32
		{D8696CCE-7D46-4659-B432-91754A41DEB0}.ReleaseWithoutAsm|x64.ActiveCfg = Release-mt|x64
		{D8696CCE-7D46-4659-B432-91754A41DEB0}.ReleaseWithoutAsm|x64.Build.0 = Release-mt|x64
		{745DEC58-EBB3-47A9-A9B8-4C6627C01BF8}.Debug|Win32.ActiveCfg = Debug|Win32
		{745DEC58-EBB3-47A9-A9B8-4C6627C01BF8}.Debug|Win32.Build.0 = Debug|Win32
		{745DEC58-EBB3-47A9-A9B8-4C6627C01BF8}.Debug|x64.ActiveCfg = Debug|x64
		{745DEC58-EBB3-47A9-A9B8-4C6627C01BF8}.Debug|x64.Build.0 = Debug|x64
		{745DEC58-EBB3-47A9-A9B8-4C6627C01BF8}.Debug-mt|Win32.ActiveCfg = Debug|Win32
		{745DEC58-EBB3-47A9-A9B8-4C6627C01BF8}.Debug-mt|Win32.Build.0 = Debug|Win32
		{745DEC58-EBB3-47A9-A9B8-4C6627C01BF8}.Debug-mt|x64.ActiveCfg = Debug|x64
		{745DEC58-EBB3-47A9-A9B8-4C6627C01BF8}.Debug-mt|x64.Build.0 = Debug|x64
		{745DEC58-EBB3-47A9-A9B8-4C6627C01BF8}.Release|Win32.ActiveCfg = Release|Win32
		{745DEC58-EBB3-47A9-A9B8-4C6627C01BF8}.Release|Win32.Build.0 = Release|Win32
		{745DEC58-EBB3-47A9-A9B8-4C6627C01BF8}.Release|x64.ActiveCfg = Release|x64
		{745DEC58-EBB3-47A9-A9B8-4C6627C01BF8}.Release|x64.Build.0 = Release|x64
		{745DEC58-EBB3-47A9-A9B8-4C6627C01BF8}.Release-mt|Win32.ActiveCfg = Release|Win32
		{745DEC58-EBB3-47A9-A9B8-4C6627C01BF8}.Release-mt|Win32.Build.0 = Release|Win32
		{745DEC58-EBB3-47A9-A9B8-4C6627C01BF8}.Release-mt|x64.ActiveCfg = Release|x64
		{745DEC58-EBB3-47A9-A9B8-4C6627C01BF8}.Release-mt|x64.Build.0 = Release|x64
		{745DEC58-EBB3-47A9-A9B8-4C6627C01BF8}.ReleaseWithoutAsm|Win32.ActiveCfg = ReleaseWithoutAsm|Win32
		{745DEC58-EBB3-47A9-A9B8-4C6627C01BF8}.ReleaseWithoutAsm|Win32.Build.0 = ReleaseWithoutAsm|Win32
		{745DEC58-EBB3-47A9-A9B8-4C6627C01BF8}.ReleaseWithoutAsm|x64.ActiveCfg = ReleaseWithoutAsm|x64
		{745DEC58-EBB3-47A9-A9B8-4C6627C01BF8}.ReleaseWithoutAsm|x64.Build.0 = ReleaseWithoutAsm|x64
		{3C3B6E0B-723F-45B4-8CE7-7A0A3C0213D4}.Debug|Win32.ActiveCfg = Debug|Win32
		{3C3B6E0B-723F-45B4-8CE7-7A0A3C0213D4}.Debug|Win32.Build.0 = Debug|Win32
		{3C3B6E0B-723F-45B4-8CE7-7A0A3C0213D4}.Debug|x64.ActiveCfg = Debug|Win32
		{3C3B6E0B-723F-45B4-8CE7-7A0A3C0213D4}.Debug-mt|Win32.ActiveCfg = Debug|Win32
		{3C3B6E0B-723F-45B4-8CE7-7A0A3C0213D4}.Debug-mt|Win32.Build.0 = Debug|Win32
		{3C3B6E0B-723F-45B4-8CE7-7A0A3C0213D4}.Debug-mt|x64.ActiveCfg = Debug|Win32
		{3C3B6E0B-723F-45B4-8CE7-7A0A3C0213D4}.Release|Win32.ActiveCfg = Release|Win32
		{3C3B6E0B-723F-45B4-8CE7-7A0A3C0213D4}.Release|Win32.Build.0 = Release|Win32
		{3C3B6E0B-723F-45B4-8CE7-7A0A3C0213D4}.Release|x64.ActiveCfg = Release|Win32
		{3C3B6E0B-723F-45B4-8CE7-7A0A3C0213D4}.Release-mt|Win32.ActiveCfg = Release|Win32
		{3C3B6E0B-723F-45B4-8CE7-7A0A3C0213D4}.Release-mt|Win32.Build.0 = Release|Win32
		{3C3B6E0B-723F-45B4-8CE7-7A0A3C0213D4}.Release-mt|x64.ActiveCfg = Release|Win32
		{3C3B6E0B-723F-45B4-8CE7-7A0A3C0213D4}.ReleaseWithoutAsm|Win32.ActiveCfg = Release|Win32
		{3C3B6E0B-723F-45B4-8CE7-7A0A3C0213D4}.ReleaseWithoutAsm|Win32.Build.0 = Release|Win32
		{3C3B6E0B-723F-45B4-8CE7-7A0A3C0213D4}.ReleaseWithoutAsm|x64.ActiveCfg = Release|Win32
		{E846B76B-C241-450A-88D8-CD73D877AB76}.Debug|Win32.ActiveCfg = Debug|Win32
		{E846B76B-C241-450A-88D8-CD73D877AB76}.Debug|Win32.Build.0 = Debug|Win32
		{E846B76B-C241-450A-88D8-CD73D877AB76}.Debug|x64.ActiveCfg = Debug|Win32
		{E846B76B-C241-450A-88D8-CD73D877AB76}.Debug-mt|Win32.ActiveCfg = Debug|Win32
		{E846B76B-C241-450A-88D8-CD73D877AB76}.Debug-mt|Win32.Build.0 = Debug|Win32
		{E846B76B-C241-450A-88D8-CD73D877AB76}.Debug-mt|x64.ActiveCfg = Debug|Win32
		{E846B76B-C241-450A-88D8-CD73D877AB76}.Release|Win32.ActiveCfg = Release|Win32
		{E846B76B-C241-450A-88D8-CD73D877AB76}.Release|Win32.Build.0 = Release|Win32
		{E846B76B-C241-450A-88D8-CD73D877AB76}.Release|x64.ActiveCfg = Release|Win32
		{E846B76B-C241-450A-88D8-CD73D877AB76}.Release-mt|Win32.ActiveCfg = Release|Win32
		{E846B76B-C241-450A-88D8-CD73D877AB76}.Release-mt|Win32.Build.0 = Release|Win32
		{E846B76B-C241-450A-88D8-CD73D877AB76}.Release-mt|x64.ActiveCfg = Release|Win32
		{E846B76B-C241-450A-88D8-CD73D877AB76}.ReleaseWithoutAsm|Win32.ActiveCfg = Release|Win32
		{E846B76B-C241-450A-88D8-CD73D877AB76}.ReleaseWithoutAsm|Win32.Build.0 = Release|Win32
		{E846B76B-C241-450A-88D8-CD73D877AB76}.ReleaseWithoutAsm|x64.ActiveCfg = Release|Win32
		{8BA0DE22-5ACB-4390-91D6-86BEFD2D8907}.Debug|Win32.ActiveCfg = Debug|Win32
		{8BA0DE22-5ACB-4390-91D6-86BEFD2D8907}.Debug|Win32.Build.0 = Debug|Win32
		{8BA0DE22-5ACB-4390-91D6-86BEFD2D8907}.Debug|x64.ActiveCfg = Debug|Win32
		{8BA0DE22-5ACB-4390-91D6-86BEFD2D8907}.Debug-mt|Win32.ActiveCfg = Debug|Win32
		{8BA0DE22-5ACB-4390-91D6-86BEFD2D8907}.Debug-mt|Win32.Build.0 = Debug|Win32
		{8BA0DE22-5ACB-4390-91D6-86BEFD2D8907}.Debug-mt|x64.ActiveCfg = Debug|Win32
		{8BA0DE22-5ACB-4390-91D6-86BEFD2D8907}.Release|Win32.ActiveCfg = Release|Win32
		{8BA0DE22-5ACB-4390-91D6-86BEFD2D8907}.Release|Win32.Build.0 = Release|Win32
		{8BA0DE22-5ACB-4390-91D6-86BEFD2D8907}.Release|x64.ActiveCfg = Release|Win32
		{8BA0DE22-5ACB-4390-91D6-86BEFD2D8907}.Release-mt|Win32.ActiveCfg = Release|Win32
		{8BA0DE22-5ACB-4390-91D6-86BEFD2D8907}.Release-mt|Win32.Build.0 = Release|Win32
		{8BA0DE22-5ACB-4390-91D6-86BEFD2D8907}.Release-mt|x64.ActiveCfg = Release|Win32
		{8BA0DE22-5ACB-4390-91D6-86BEFD2D8907}.ReleaseWithoutAsm|Win32.ActiveCfg = Release|Win32
		{8BA0DE22-5ACB-4390-91D6-86BEFD2D8907}.ReleaseWithoutAsm|Win32.Build.0 = Release|Win32
		{8BA0DE22-5ACB-4390-91D6-86BEFD2D8907}.ReleaseWithoutAsm|x64.ActiveCfg = Release|Win32
		{CADB686D-46B8-42F6-8DE3-26D0D397ABB0}.Debug|Win32.ActiveCfg = Debug|Win32
		{CADB686D-46B8-42F6-8DE3-26D0D397ABB0}.Debug|Win32.Build.0 = Debug|Win32
		{CADB686D-46B8-42F6-8DE3-26D0D397ABB0}.Debug|x64.ActiveCfg = Debug|Win32
		{CADB686D-46B8-42F6-8DE3-26D0D397ABB0}.Debug-mt|Win32.ActiveCfg = Debug|Win32
		{CADB686D-46B8-42F6-8DE3-26D0D397ABB0}.Debug-mt|Win32.Build.0 = Debug|Win32
		{CADB686D-46B8-42F6-8DE3-26D0D397ABB0}.Debug-mt|x64.ActiveCfg = Debug|Win32
		{CADB686D-46B8-42F6-8DE3-26D0D397ABB0}.Release|Win32.ActiveCfg = Release|Win32
		{CADB686D-46B8-42F6-8DE3-26D0D397ABB0}.Release|Win32.Build.0 = Release|Win32
		{CADB686D-46B8-42F6-8DE3-26D0D397ABB0}.Release|x64.ActiveCfg = Release|Win32
		{CADB686D-46B8-42F6-8DE3-26D0D397ABB0}.Release-mt|Win32.ActiveCfg = Release|Win32
		{CADB686D-46B8-42F6-8DE3-26D0D397ABB0}.Release-mt|Win32.Build.0 = Release|Win32
		{CADB686D-46B8-42F6-8DE3-26D0D397ABB0}.Release-mt|x64.ActiveCfg = Release|Win32
		{CADB686D-46B8-42F6-8DE3-26D0D397ABB0}.ReleaseWithoutAsm|Win32.ActiveCfg = Release|Win32
		{CADB686D-46B8-42F6-8DE3-26D0D397ABB0}.ReleaseWithoutAsm|Win32.Build.0 = Release|Win32
		{CADB686D-46B8-42F6-8DE3-26D0D397ABB0}.ReleaseWithoutAsm|x64.ActiveCfg = Release|Win32
		{FB4985E4-4006-4B76-AF04-BF8566760FEF}.Debug|Win32.ActiveCfg = Debug|Win32
		{FB4985E4-4006-4B76-AF04-BF8566760FEF}.Debug|Win32.Build.0 = Debug|Win32
		{FB4985E4-4006-4B76-AF04-BF8566760FEF}.Debug|x64.ActiveCfg = Debug|Win32
		{FB4985E4-4006-4B76-AF04-BF8566760FEF}.Debug-mt|Win32.ActiveCfg = Debug|Win32
		{FB4985E4-4006-4B76-AF04-BF8566760FEF}.Debug-mt|Win32.Build.0 = Debug|Win32
		{FB4985E4-4006-4B76-AF04-BF8566760FEF}.Debug-mt|x64.ActiveCfg = Debug|Win32
		{FB4985E4-4006-4B76-AF04-BF8566760FEF}.Release|Win32.ActiveCfg = Release|Win32
		{FB4985E4-4006-4B76-AF04-BF8566760FEF}.Release|Win32.Build.0 = Release|Win32
		{FB4985E4-4006-4B76-AF04-BF8566760FEF}.Release|x64.ActiveCfg = Release|Win32
		{FB4985E4-4006-4B76-AF04-BF8566760FEF}.Release-mt|Win32.ActiveCfg = Release|Win32
		{FB4985E4-4006-4B76-AF04-BF8566760FEF}.Release-mt|Win32.Build.0 = Release|Win32
		{FB4985E4-4006-4B76-AF04-BF8566760FEF}.Release-mt|x64.ActiveCfg = Release|Win32
		{FB4985E4-4006-4B76-AF04-BF8566760FEF}.ReleaseWithoutAsm|Win32.ActiveCfg = Release|Win32
		{FB4985E4-4006-4B76-AF04-BF8566760FEF}.ReleaseWithoutAsm|Win32.Build.0 = Release|Win32
		{FB4985E4-4006-4B76-AF04-BF8566760FEF}.ReleaseWithoutAsm|x64.ActiveCfg = Release|Win32
		{007A9B06-E46A-48F5-B049-1B95FD64229C}.Debug|Win32.ActiveCfg = Debug|Win32
		{007A9B06-E46A-48F5-B049-1B95FD64229C}.Debug|Win32.Build.0 = Debug|Win32
		{007A9B06-E46A-48F5-B049-1B95FD64229C}.Debug|x64.ActiveCfg = Debug|Win32
		{007A9B06-E46A-48F5-B049-1B95FD64229C}.Debug-mt|Win32.ActiveCfg = Debug|Win32
		{007A9B06-E46A-48F5-B049-1B95FD64229C}.Debug-mt|Win32.Build.0 = Debug|Win32
		{007A9B06-E46A-48F5-B049-1B95FD64229C}.Debug-mt|x64.ActiveCfg = Debug|Win32
		{007A9B06-E46A-48F5-B049-1B95FD64229C}.Release|Win32.ActiveCfg = Release|Win32
		{007A9B06-E46A-48F5-B049-1B95FD64229C}.Release|Win32.Build.0 = Release|Win32
		{007A9B06-E46A-48F5-B049-1B95FD64229C}.Release|x64.ActiveCfg = Release|Win32
		{007A9B06-E46A-48F5-B049-1B95FD64229C}.Release-mt|Win32.ActiveCfg = Release|Win32
		{007A9B06-E46A-48F5-B049-1B95FD64229C}.Release-mt|Win32.Build.0 = Release|Win32
		{007A9B06-E46A-48F5-B049-1B95FD64229C}.Release-mt|x64.ActiveCfg = Release|Win32
		{007A9B06-E46A-48F5-B049-1B95FD64229C}.ReleaseWithoutAsm|Win32.ActiveCfg = Release|Win32
		{007A9B06-E46A-48F5-B049-1B95FD64229C}.ReleaseWithoutAsm|Win32.Build.0 = Release|Win32
		{007A9B06-E46A-48F5-B049-1B95FD64229C}.ReleaseWithoutAsm|x64.ActiveCfg = Release|Win32
		{29D51B8E-6177-4CA1-965C-DAECD8161A39}.Debug|Win32.ActiveCfg = Debug|Win32
		{29D51B8E-6177-4CA1-965C-DAECD8161A39}.Debug|Win32.Build.0 = Debug|Win32
		{29D51B8E-6177-4CA1-965C-DAECD8161A39}.Debug|x64.ActiveCfg = Debug|Win32
		{29D51B8E-6177-4CA1-965C-DAECD8161A39}.Debug-mt|Win32.ActiveCfg = Debug|Win32
		{29D51B8E-6177-4CA1-965C-DAECD8161A39}.Debug-mt|Win32.Build.0 = Debug|Win32
		{29D51B8E-6177-4CA1-965C-DAECD8161A39}.Debug-mt|x64.ActiveCfg = Debug|Win32
		{29D51B8E-6177-4CA1-965C-DAECD8161A39}.Release|Win32.ActiveCfg = Release|Win32
		{29D51B8E-6177-4CA1-965C-DAECD8161A39}.Release|Win32.Build.0 = Release|Win32
		{29D51B8E-6177-4CA1-965C-DAECD8161A39}.Release|x64.ActiveCfg = Release|Win32
		{29D51B8E-6177-4CA1-965C-DAECD8161A39}.Release-mt|Win32.ActiveCfg = Release|Win32
		{29D51B8E-6177-4CA1-965C-DAECD8161A39}.Release-mt|Win32.Build.0 = Release|Win32
		{29D51B8E-6177-4CA1-965C-DAECD8161A39}.Release-mt|x64.ActiveCfg = Release|Win32
		{29D51B8E-6177-4CA1-965C-DAECD8161A39}.ReleaseWithoutAsm|Win32.ActiveCfg = Release|Win32
		{29D51B8E-6177-4CA1-965C-DAECD8161A39}.ReleaseWithoutAsm|Win32.Build.0 = Release|Win32
		{29D51B8E-6177-4CA1-965C-DAECD8161A39}.ReleaseWithoutAsm|x64.ActiveCfg = Release|Win32
		{C26B7FBE-3261-4835-8A07-D177140B9E66}.Debug|Win32.ActiveCfg = Debug|Win32
		{C26B7FBE-3261-4835-8A07-D177140B9E66}.Debug|Win32.Build.0 = Debug|Win32
		{C26B7FBE-3261-4835-8A07-D177140B9E66}.Debug|x64.ActiveCfg = Debug|Win32
		{C26B7FBE-3261-4835-8A07-D177140B9E66}.Debug-mt|Win32.ActiveCfg = Debug|Win32
		{C26B7FBE-3261-4835-8A07-D177140B9E66}.Debug-mt|Win32.Build.0 = Debug|Win32
		{C26B7FBE-3261-4835-8A07-D177140B9E66}.Debug-mt|x64.ActiveCfg = Debug|Win32
		{C26B7FBE-3261-4835-8A07-D177140B9E66}.Release|Win32.ActiveCfg = Release|Win32
		{C26B7FBE-3261-4835-8A07-D177140B9E66}.Release|Win32.Build.0 = Release|Win32
		{C26B7FBE-3261-4835-8A07-D177140B9E66}.Release|x64.ActiveCfg = Release|Win32
		{C26B7FBE-3261-4835-8A07-D177140B9E66}.Release-mt|Win32.ActiveCfg = Release|Win32
		{C26B7FBE-3261-4835-8A07-D177140B9E66}.Release-mt|Win32.Build.0 = Release|Win32
		{C26B7FBE-3261-4835-8A07-D177140B9E66}.Release-mt|x64.ActiveCfg = Release|Win32
		{C26B7FBE-3261-4835-8A07-D177140B9E66}.ReleaseWithoutAsm|Win32.ActiveCfg = Release|Win32
		{C26B7FBE-3261-4835-8A07-D177140B9E66}.ReleaseWithoutAsm|Win32.Build.0 = Release|Win32
		{C26B7FBE-3261-4835-8A07-D177140B9E66}.ReleaseWithoutAsm|x64.ActiveCfg = Release|Win32
		{91146D5C-D81D-4816-9BAB-2A7B956D14C9}.Debug|Win32.ActiveCfg = Debug|Win32
		{91146D5C-D81D-4816-9BAB-2A7B956D14C9}.Debug|Win32.Build.0 = Debug|Win32
		{91146D5C-D81D-4816-9BAB-2A7B956D14C9}.Debug|x64.ActiveCfg = Debug|Win32
		{91146D5C-D81D-4816-9BAB-2A7B956D14C9}.Debug-mt|Win32.ActiveCfg = Debug|Win32
		{91146D5C-D81D-4816-9BAB-2A7B956D14C9}.Debug-mt|Win32.Build.0 = Debug|Win32
		{91146D5C-D81D-4816-9BAB-2A7B956D14C9}.Debug-mt|x64.ActiveCfg = Debug|Win32
		{91146D5C-D81D-4816-9BAB-2A7B956D14C9}.Release|Win32.ActiveCfg = Release|Win32
		{91146D5C-D81D-4816-9BAB-2A7B956D14C9}.Release|Win32.Build.0 = Release|Win32
		{91146D5C-D81D-4816-9BAB-2A7B956D14C9}.Release|x64.ActiveCfg = Release|Win32
		{91146D5C-D81D-4816-9BAB-2A7B956D14C9}.Release-mt|Win32.ActiveCfg = Release|Win32
		{91146D5C-D81D-4816-9BAB-2A7B956D14C9}.Release-mt|Win32.Build.0 = Release|Win32
		{91146D5C-D81D-4816-9BAB-2A7B956D14C9}.Release-mt|x64.ActiveCfg = Release|Win32
		{91146D5C-D81D-4816-9BAB-2A7B956D14C9}.ReleaseWithoutAsm|Win32.ActiveCfg = Release|Win32
		{91146D5C-D81D-4816-9BAB-2A7B956D14C9}.ReleaseWithoutAsm|Win32.Build.0 = Release|Win32
		{91146D5C-D81D-4816-9BAB-2A7B956D14C9}.ReleaseWithoutAsm|x64.ActiveCfg = Release|Win32
		{EE9145B0-A49C-451C-93DB-378A2B13B4D0}.Debug|Win32.ActiveCfg = Debug|Win32
		{EE9145B0-A49C-451C-93DB-378A2B13B4D0}.Debug|Win32.Build.0 = Debug|Win32
		{EE9145B0-A49C-451C-93DB-378A2B13B4D0}.Debug|x64.ActiveCfg = Debug|Win32
		{EE9145B0-A49C-451C-93DB-378A2B13B4D0}.Debug-mt|Win32.ActiveCfg = Debug|Win32
		{EE9145B0-A49C-451C-93DB-378A2B13B4D0}.Debug-mt|Win32.Build.0 = Debug|Win32
		{EE9145B0-A49C-451C-93DB-378A2B13B4D0}.Debug-mt|x64.ActiveCfg = Debug|Win32
		{EE9145B0-A49C-451C-93DB-378A2B13B4D0}.Release|Win32.ActiveCfg = Release|Win32
		{EE9145B0-A49C-451C-93DB-378A2B13B4D0}.Release|Win32.Build.0 = Release|Win32
		{EE9145B0-A49C-451C-93DB-378A2B13B4D0}.Release|x64.ActiveCfg = Release|Win32
		{EE9145B0-A49C-451C-93DB-378A2B13B4D0}.Release-mt|Win32.ActiveCfg = Release|Win32
		{EE9145B0-A49C-451C-93DB-378A2B13B4D0}.Release-mt|Win32.Build.0 = Release|Win32
		{EE9145B0-A49C-451C-93DB-378A2B13B4D0}.Release-mt|x64.ActiveCfg = Release|Win32
		{EE9145B0-A49C-451C-93DB-378A2B13B4D0}.ReleaseWithoutAsm|Win32.ActiveCfg = Release|Win32
		{EE9145B0-A49C-451C-93DB-378A2B13B4D0}.ReleaseWithoutAsm|Win32.Build.0 = Release|Win32
		{EE9145B0-A49C-451C-93DB-378A2B13B4D0}.ReleaseWithoutAsm|x64.ActiveCfg = Release|Win32
		{A921CE72-DFAB-436B-BEA0-20F6AE3BC9D6}.Debug|Win32.ActiveCfg = Debug|Win32
		{A921CE72-DFAB-436B-BEA0-20F6AE3BC9D6}.Debug|Win32.Build.0 = Debug|Win32
		{A921CE72-DFAB-436B-BEA0-20F6AE3BC9D6}.Debug|x64.ActiveCfg = Debug|Win32
		{A921CE72-DFAB-436B-BEA0-20F6AE3BC9D6}.Debug-mt|Win32.ActiveCfg = Debug|Win32
		{A921CE72-DFAB-436B-BEA0-20F6AE3BC9D6}.Debug-mt|Win32.Build.0 = Debug|Win32
		{A921CE72-DFAB-436B-BEA0-20F6AE3BC9D6}.Debug-mt|x64.ActiveCfg = Debug|Win32
		{A921CE72-DFAB-436B-BEA0-20F6AE3BC9D6}.Release|Win32.ActiveCfg = Release|Win32
		{A921CE72-DFAB-436B-BEA0-20F6AE3BC9D6}.Release|Win32.Build.0 = Release|Win32
		{A921CE72-DFAB-436B-BEA0-20F6AE3BC9D6}.Release|x64.ActiveCfg = Release|Win32
		{A921CE72-DFAB-436B-BEA0-20F6AE3BC9D6}.Release-mt|Win32.ActiveCfg = Release|Win32
		{A921CE72-DFAB-436B-BEA0-20F6AE3BC9D6}.Release-mt|Win32.Build.0 = Release|Win32
		{A921CE72-DFAB-436B-BEA0-20F6AE3BC9D6}.Release-mt|x64.ActiveCfg = Release|Win32
		{A921CE72-DFAB-436B-BEA0-20F6AE3BC9D6}.ReleaseWithoutAsm|Win32.ActiveCfg = Release|Win32
		{A921CE72-DFAB-436B-BEA0-20F6AE3BC9D6}.ReleaseWithoutAsm|Win32.Build.0 = Release|Win32
		{A921CE72-DFAB-436B-BEA0-20F6AE3BC9D6}.ReleaseWithoutAsm|x64.ActiveCfg = Release|Win32
		{8FB540D1-F23D-4BA2-AD49-6D9413C0C49C}.Debug|Win32.ActiveCfg = Debug|Win32
		{8FB540D1-F23D-4BA2-AD49-6D9413C0C49C}.Debug|Win32.Build.0 = Debug|Win32
		{8FB540D1-F23D-4BA2-AD49-6D9413C0C49C}.Debug|x64.ActiveCfg = Debug|Win32
		{8FB540D1-F23D-4BA2-AD49-6D9413C0C49C}.Debug-mt|Win32.ActiveCfg = Debug|Win32
		{8FB540D1-F23D-4BA2-AD49-6D9413C0C49C}.Debug-mt|Win32.Build.0 = Debug|Win32
		{8FB540D1-F23D-4BA2-AD49-6D9413C0C49C}.Debug-mt|x64.ActiveCfg = Debug|Win32
		{8FB540D1-F23D-4BA2-AD49-6D9413C0C49C}.Release|Win32.ActiveCfg = Release|Win32
		{8FB540D1-F23D-4BA2-AD49-6D9413C0C49C}.Release|Win32.Build.0 = Release|Win32
		{8FB540D1-F23D-4BA2-AD49-6D9413C0C49C}.Release|x64.ActiveCfg = Release|Win32
		{8FB540D1-F23D-4BA2-AD49-6D9413C0C49C}.Release-mt|Win32.ActiveCfg = Release|Win32
		{8FB540D1-F23D-4BA2-AD49-6D9413C0C49C}.Release-mt|Win32.Build.0 = Release|Win32
		{8FB540D1-F23D-4BA2-AD49-6D9413C0C49C}.Release-mt|x64.ActiveCfg = Release|Win32
		{8FB540D1-F23D-4BA2-AD49-6D9413C0C49C}.ReleaseWithoutAsm|Win32.ActiveCfg = Release|Win32
		{8FB540D1-F23D-4BA2-AD49-6D9413C0C49C}.ReleaseWithoutAsm|Win32.Build.0 = Release|Win32
		{8FB540D1-F23D-4BA2-AD49-6D9413C0C49C}.ReleaseWithoutAsm|x64.ActiveCfg = Release|Win32
		{49A1609F-7A84-4AE9-8AE4-0A84601E7081}.Debug|Win32.ActiveCfg = Debug|Win32
		{49A1609F-7A84-4AE9-8AE4-0A84601E7081}.Debug|Win32.Build.0 = Debug|Win32
		{49A1609F-7A84-4AE9-8AE4-0A84601E7081}.Debug|x64.ActiveCfg = Debug|Win32
		{49A1609F-7A84-4AE9-8AE4-0A84601E7081}.Debug-mt|Win32.ActiveCfg = Debug|Win32
		{49A1609F-7A84-4AE9-8AE4-0A84601E7081}.Debug-mt|Win32.Build.0 = Debug|Win32
		{49A1609F-7A84-4AE9-8AE4-0A84601E7081}.Debug-mt|x64.ActiveCfg = Debug|Win32
		{49A1609F-7A84-4AE9-8AE4-0A84601E7081}.Release|Win32.ActiveCfg = Release|Win32
		{49A1609F-7A84-4AE9-8AE4-0A84601E7081}.Release|Win32.Build.0 = Release|Win32
		{49A1609F-7A84-4AE9-8AE4-0A84601E7081}.Release|x64.ActiveCfg = Release|Win32
		{49A1609F-7A84-4AE9-8AE4-0A84601E7081}.Release-mt|Win32.ActiveCfg = Release|Win32
		{49A1609F-7A84-4AE9-8AE4-0A84601E7081}.Release-mt|Win32.Build.0 = Release|Win32
		{49A1609F-7A84-4AE9-8AE4-0A84601E7081}.Release-mt|x64.ActiveCfg = Release|Win32
		{49A1609F-7A84-4AE9-8AE4-0A84601E7081}.ReleaseWithoutAsm|Win32.ActiveCfg = Release|Win32
		{49A1609F-7A84-4AE9-8AE4-0A84601E7081}.ReleaseWithoutAsm|Win32.Build.0 = Release|Win32
		{49A1609F-7A84-4AE9-8AE4-0A84601E7081}.ReleaseWithoutAsm|x64.ActiveCfg = Release|Win32
		{62211EBA-7DCA-4C66-B1B4-87B49F7BEC15}.Debug|Win32.ActiveCfg = Debug|Win32
		{62211EBA-7DCA-4C66-B1B4-87B49F7BEC15}.Debug|Win32.Build.0 = Debug|Win32
		{62211EBA-7DCA-4C66-B1B4-87B49F7BEC15}.Debug|x64.ActiveCfg = Debug|Win32
		{62211EBA-7DCA-4C66-B1B4-87B49F7BEC15}.Debug-mt|Win32.ActiveCfg = Debug|Win32
		{62211EBA-7DCA-4C66-B1B4-87B49F7BEC15}.Debug-mt|Win32.Build.0 = Debug|Win32
		{62211EBA-7DCA-4C66-B1B4-87B49F7BEC15}.Debug-mt|x64.ActiveCfg = Debug|Win32
		{62211EBA-7DCA-4C66-B1B4-87B49F7BEC15}.Release|Win32.ActiveCfg = Release|Win32
		{62211EBA-7DCA-4C66-B1B4-87B49F7BEC15}.Release|Win32.Build.0 = Release|Win32
		{62211EBA-7DCA-4C66-B1B4-87B49F7BEC15}.Release|x64.ActiveCfg = Release|Win32
		{62211EBA-7DCA-4C66-B1B4-87B49F7BEC15}.Release-mt|Win32.ActiveCfg = Release|Win32
		{62211EBA-7DCA-4C66-B1B4-87B49F7BEC15}.Release-mt|Win32.Build.0 = Release|Win32
		{62211EBA-7DCA-4C66-B1B4-87B49F7BEC15}.Release-mt|x64.ActiveCfg = Release|Win32
		{62211EBA-7DCA-4C66-B1B4-87B49F7BEC15}.ReleaseWithoutAsm|Win32.ActiveCfg = Release|Win32
		{62211EBA-7DCA-4C66-B1B4-87B49F7BEC15}.ReleaseWithoutAsm|Win32.Build.0 = Release|Win32
		{62211EBA-7DCA-4C66-B1B4-87B49F7BEC15}.ReleaseWithoutAsm|x64.ActiveCfg = Release|Win32
		{CF13528C-52EF-4BFB-AA6B-33FDB94A4ECD}.Debug|Win32.ActiveCfg = Debug|Win32
		{CF13528C-52EF-4BFB-AA6B-33FDB94A4ECD}.Debug|Win32.Build.0 = Debug|Win32
		{CF13528C-52EF-4BFB-AA6B-33FDB94A4ECD}.Debug|x64.ActiveCfg = Debug|x64
		{CF13528C-52EF-4BFB-AA6B-33FDB94A4ECD}.Debug|x64.Build.0 = Debug|x64
		{CF13528C-52EF-4BFB-AA6B-33FDB94A4ECD}.Debug-mt|Win32.ActiveCfg = Debug|Win32
		{CF13528C-52EF-4BFB-AA6B-33FDB94A4ECD}.Debug-mt|Win32.Build.0 = Debug|Win32
		{CF13528C-52EF-4BFB-AA6B-33FDB94A4ECD}.Debug-mt|x64.ActiveCfg = Debug|x64
		{CF13528C-52EF-4BFB-AA6B-33FDB94A4ECD}.Debug-mt|x64.Build.0 = Debug|x64
		{CF13528C-52EF-4BFB-AA6B-33FDB94A4ECD}.Release|Win32.ActiveCfg = Release|Win32
		{CF13528C-52EF-4BFB-AA6B-33FDB94A4ECD}.Release|Win32.Build.0 = Release|Win32
		{CF13528C-52EF-4BFB-AA6B-33FDB94A4ECD}.Release|x64.ActiveCfg = Release|x64
		{CF13528C-52EF-4BFB-AA6B-33FDB94A4ECD}.Release|x64.Build.0 = Release|x64
		{CF13528C-52EF-4BFB-AA6B-33FDB94A4ECD}.Release-mt|Win32.ActiveCfg = Release|Win32
		{CF13528C-52EF-4BFB-AA6B-33FDB94A4ECD}.Release-mt|Win32.Build.0 = Release|Win32
		{CF13528C-52EF-4BFB-AA6B-33FDB94A4ECD}.Release-mt|x64.ActiveCfg = Release|x64
		{CF13528C-52EF-4BFB-AA6B-33FDB94A4ECD}.Release-mt|x64.Build.0 = Release|x64
		{CF13528C-52EF-4BFB-AA6B-33FDB94A4ECD}.ReleaseWithoutAsm|Win32.ActiveCfg = Release|Win32
		{CF13528C-52EF-4BFB-AA6B-33FDB94A4ECD}.ReleaseWithoutAsm|Win32.Build.0 = Release|Win32
		{CF13528C-52EF-4BFB-AA6B-33FDB94A4ECD}.ReleaseWithoutAsm|x64.ActiveCfg = Release|x64
		{CF13528C-52EF-4BFB-AA6B-33FDB94A4ECD}.ReleaseWithoutAsm|x64.Build.0 = Release|x64
		{E3C911ED-1132-4590-A510-5DFB91F3785E}.Debug|Win32.ActiveCfg = Debug|Win32
		{E3C911ED-1132-4590-A510-5DFB91F3785E}.Debug|Win32.Build.0 = Debug|Win32
		{E3C911ED-1132-4590-A510-5DFB91F3785E}.Debug|x64.ActiveCfg = Debug|Win32
		{E3C911ED-1132-4590-A510-5DFB91F3785E}.Debug-mt|Win32.ActiveCfg = Debug|Win32
		{E3C911ED-1132-4590-A510-5DFB91F3785E}.Debug-mt|Win32.Build.0 = Debug|Win32
		{E3C911ED-1132-4590-A510-5DFB91F3785E}.Debug-mt|x64.ActiveCfg = Debug|Win32
		{E3C911ED-1132-4590-A510-5DFB91F3785E}.Release|Win32.ActiveCfg = Release|Win32
		{E3C911ED-1132-4590-A510-5DFB91F3785E}.Release|Win32.Build.0 = Release|Win32
		{E3C911ED-1132-4590-A510-5DFB91F3785E}.Release|x64.ActiveCfg = Release|Win32
		{E3C911ED-1132-4590-A510-5DFB91F3785E}.Release-mt|Win32.ActiveCfg = Release|Win32
		{E3C911ED-1132-4590-A510-5DFB91F3785E}.Release-mt|Win32.Build.0 = Release|Win32
		{E3C911ED-1132-4590-A510-5DFB91F3785E}.Release-mt|x64.ActiveCfg = Release|Win32
		{E3C911ED-1132-4590-A510-5DFB91F3785E}.ReleaseWithoutAsm|Win32.ActiveCfg = Release|Win32
		{E3C911ED-1132-4590-A510-5DFB91F3785E}.ReleaseWithoutAsm|Win32.Build.0 = Release|Win32
		{E3C911ED-1132-4590-A510-5DFB91F3785E}.ReleaseWithoutAsm|x64.ActiveCfg = Release|Win32
		{B6626E27-23C4-46F0-9423-82045D5EEF57}.Debug|Win32.ActiveCfg = Debug|Win32
		{B6626E27-23C4-46F0-9423-82045D5EEF57}.Debug|Win32.Build.0 = Debug|Win32
		{B6626E27-23C4-46F0-9423-82045D5EEF57}.Debug|x64.ActiveCfg = Debug|Win32
		{B6626E27-23C4-46F0-9423-82045D5EEF57}.Debug-mt|Win32.ActiveCfg = Debug|Win32
		{B6626E27-23C4-46F0-9423-82045D5EEF57}.Debug-mt|Win32.Build.0 = Debug|Win32
		{B6626E27-23C4-46F0-9423-82045D5EEF57}.Debug-mt|x64.ActiveCfg = Debug|Win32
		{B6626E27-23C4-46F0-9423-82045D5EEF57}.Release|Win32.ActiveCfg = Release|Win32
		{B6626E27-23C4-46F0-9423-82045D5EEF57}.Release|Win32.Build.0 = Release|Win32
		{B6626E27-23C4-46F0-9423-82045D5EEF57}.Release|x64.ActiveCfg = Release|Win32
		{B6626E27-23C4-46F0-9423-82045D5EEF57}.Release-mt|Win32.ActiveCfg = Release|Win32
		{B6626E27-23C4-46F0-9423-82045D5EEF57}.Release-mt|Win32.Build.0 = Release|Win32
		{B6626E27-23C4-46F0-9423-82045D5EEF57}.Release-mt|x64.ActiveCfg = Release|Win32
		{B6626E27-23C4-46F0-9423-82045D5EEF57}.ReleaseWithoutAsm|Win32.ActiveCfg = Release|Win32
		{B6626E27-23C4-46F0-9423-82045D5EEF57}.ReleaseWithoutAsm|Win32.Build.0 = Release|Win32
		{B6626E27-23C4-46F0-9423-82045D5EEF57}.ReleaseWithoutAsm|x64.ActiveCfg = Release|Win32
		{8C3A808C-1AB5-487B-B914-753E41801758}.Debug|Win32.ActiveCfg = Debug|Win32
		{8C3A808C-1AB5-487B-B914-753E41801758}.Debug|Win32.Build.0 = Debug|Win32
		{8C3A808C-1AB5-487B-B914-753E41801758}.Debug|x64.ActiveCfg = Debug|Win32
		{8C3A808C-1AB5-487B-B914-753E41801758}.Debug-mt|Win32.ActiveCfg = Debug|Win32
		{8C3A808C-1AB5-487B-B914-753E41801758}.Debug-mt|Win32.Build.0 = Debug|Win32
		{8C3A808C-1AB5-487B-B914-753E41801758}.Debug-mt|x64.ActiveCfg = Debug|Win32
		{8C3A808C-1AB5-487B-B914-753E41801758}.Release|Win32.ActiveCfg = Release|Win32
		{8C3A808C-1AB5-487B-B914-753E41801758}.Release|Win32.Build.0 = Release|Win32
		{8C3A808C-1AB5-487B-B914-753E41801758}.Release|x64.ActiveCfg = Release|Win32
		{8C3A808C-1AB5-487B-B914-753E41801758}.Release-mt|Win32.ActiveCfg = Release|Win32
		{8C3A808C-1AB5-487B-B914-753E41801758}.Release-mt|Win32.Build.0 = Release|Win32
		{8C3A808C-1AB5-487B-B914-753E41801758}.Release-mt|x64.ActiveCfg = Release|Win32
		{8C3A808C-1AB5-487B-B914-753E41801758}.ReleaseWithoutAsm|Win32.ActiveCfg = Release|Win32
		{8C3A808C-1AB5-487B-B914-753E41801758}.ReleaseWithoutAsm|Win32.Build.0 = Release|Win32
		{8C3A808C-1AB5-487B-B914-753E41801758}.ReleaseWithoutAsm|x64.ActiveCfg = Release|Win32
		{CFB6B9F0-0C9E-48D4-A1E2-F0D1258E7DC3}.Debug|Win32.ActiveCfg = Debug|Win32
		{CFB6B9F0-0C9E-48D4-A1E2-F0D1258E7DC3}.Debug|Win32.Build.0 = Debug|Win32
		{CFB6B9F0-0C9E-48D4-A1E2-F0D1258E7DC3}.Debug|x64.ActiveCfg = Debug|Win32
		{CFB6B9F0-0C9E-48D4-A1E2-F0D1258E7DC3}.Debug-mt|Win32.ActiveCfg = Debug|Win32
		{CFB6B9F0-0C9E-48D4-A1E2-F0D1258E7DC3}.Debug-mt|Win32.Build.0 = Debug|Win32
		{CFB6B9F0-0C9E-48D4-A1E2-F0D1258E7DC3}.Debug-mt|x64.ActiveCfg = Debug|Win32
		{CFB6B9F0-0C9E-48D4-A1E2-F0D1258E7DC3}.Release|Win32.ActiveCfg = Release|Win32
		{CFB6B9F0-0C9E-48D4-A1E2-F0D1258E7DC3}.Release|Win32.Build.0 = Release|Win32
		{CFB6B9F0-0C9E-48D4-A1E2-F0D1258E7DC3}.Release|x64.ActiveCfg = Release|Win32
		{CFB6B9F0-0C9E-48D4-A1E2-F0D1258E7DC3}.Release-mt|Win32.ActiveCfg = Release|Win32
		{CFB6B9F0-0C9E-48D4-A1E2-F0D1258E7DC3}.Release-mt|Win32.Build.0 = Release|Win32
		{CFB6B9F0-0C9E-48D4-A1E2-F0D1258E7DC3}.Release-mt|x64.ActiveCfg = Release|Win32
		{CFB6B9F0-0C9E-48D4-A1E2-F0D1258E7DC3}.ReleaseWithoutAsm|Win32.ActiveCfg = Release|Win32
		{CFB6B9F0-0C9E-48D4-A1E2-F0D1258E7DC3}.ReleaseWithoutAsm|Win32.Build.0 = Release|Win32
		{CFB6B9F0-0C9E-48D4-A1E2-F0D1258E7DC3}.ReleaseWithoutAsm|x64.ActiveCfg = Release|Win32
		{3E83DB02-A179-4B28-8317-364B0CE550C2}.Debug|Win32.ActiveCfg = Debug|Win32
		{3E83DB02-A179-4B28-8317-364B0CE550C2}.Debug|Win32.Build.0 = Debug|Win32
		{3E83DB02-A179-4B28-8317-364B0CE550C2}.Debug|x64.ActiveCfg = Debug|Win32
		{3E83DB02-A179-4B28-8317-364B0CE550C2}.Debug-mt|Win32.ActiveCfg = Debug|Win32
		{3E83DB02-A179-4B28-8317-364B0CE550C2}.Debug-mt|Win32.Build.0 = Debug|Win32
		{3E83DB02-A179-4B28-8317-364B0CE550C2}.Debug-mt|x64.ActiveCfg = Debug|Win32
		{3E83DB02-A179-4B28-8317-364B0CE550C2}.Release|Win32.ActiveCfg = Release|Win32
		{3E83DB02-A179-4B28-8317-364B0CE550C2}.Release|Win32.Build.0 = Release|Win32
		{3E83DB02-A179-4B28-8317-364B0CE550C2}.Release|x64.ActiveCfg = Release|Win32
		{3E83DB02-A179-4B28-8317-364B0CE550C2}.Release-mt|Win32.ActiveCfg = Release|Win32
		{3E83DB02-A179-4B28-8317-364B0CE550C2}.Release-mt|Win32.Build.0 = Release|Win32
		{3E83DB02-A179-4B28-8317-364B0CE550C2}.Release-mt|x64.ActiveCfg = Release|Win32
		{3E83DB02-A179-4B28-8317-364B0CE550C2}.ReleaseWithoutAsm|Win32.ActiveCfg = Release|Win32
		{3E83DB02-A179-4B28-8317-364B0CE550C2}.ReleaseWithoutAsm|Win32.Build.0 = Release|Win32
		{3E83DB02-A179-4B28-8317-364B0CE550C2}.ReleaseWithoutAsm|x64.ActiveCfg = Release|Win32
		{48999CCA-6D47-4D95-88D2-0814324103C4}.Debug|Win32.ActiveCfg = Debug|Win32
		{48999CCA-6D47-4D95-88D2-0814324103C4}.Debug|Win32.Build.0 = Debug|Win32
		{48999CCA-6D47-4D95-88D2-0814324103C4}.Debug|x64.ActiveCfg = Debug|Win32
		{48999CCA-6D47-4D95-88D2-0814324103C4}.Debug-mt|Win32.ActiveCfg = Debug|Win32
		{48999CCA-6D47-4D95-88D2-0814324103C4}.Debug-mt|Win32.Build.0 = Debug|Win32
		{48999CCA-6D47-4D95-88D2-0814324103C4}.Debug-mt|x64.ActiveCfg = Debug|Win32
		{48999CCA-6D47-4D95-88D2-0814324103C4}.Release|Win32.ActiveCfg = Release|Win32
		{48999CCA-6D47-4D95-88D2-0814324103C4}.Release|Win32.Build.0 = Release|Win32
		{48999CCA-6D47-4D95-88D2-0814324103C4}.Release|x64.ActiveCfg = Release|Win32
		{48999CCA-6D47-4D95-88D2-0814324103C4}.Release-mt|Win32.ActiveCfg = Release|Win32
		{48999CCA-6D47-4D95-88D2-0814324103C4}.Release-mt|Win32.Build.0 = Release|Win32
		{48999CCA-6D47-4D95-88D2-0814324103C4}.Release-mt|x64.ActiveCfg = Release|Win32
		{48999CCA-6D47-4D95-88D2-0814324103C4}.ReleaseWithoutAsm|Win32.ActiveCfg = Release|Win32
		{48999CCA-6D47-4D95-88D2-0814324103C4}.ReleaseWithoutAsm|Win32.Build.0 = Release|Win32
		{48999CCA-6D47-4D95-88D2-0814324103C4}.ReleaseWithoutAsm|x64.ActiveCfg = Release|Win32
		{EB981031-1428-4D9E-B99E-12431A6F1E52}.Debug|Win32.ActiveCfg = Debug|Win32
		{EB981031-1428-4D9E-B99E-12431A6F1E52}.Debug|Win32.Build.0 = Debug|Win32
		{EB981031-1428-4D9E-B99E-12431A6F1E52}.Debug|x64.ActiveCfg = Debug|Win32
		{EB981031-1428-4D9E-B99E-12431A6F1E52}.Debug-mt|Win32.ActiveCfg = Debug|Win32
		{EB981031-1428-4D9E-B99E-12431A6F1E52}.Debug-mt|Win32.Build.0 = Debug|Win32
		{EB981031-1428-4D9E-B99E-12431A6F1E52}.Debug-mt|x64.ActiveCfg = Debug|Win32
		{EB981031-1428-4D9E-B99E-12431A6F1E52}.Release|Win32.ActiveCfg = Release|Win32
		{EB981031-1428-4D9E-B99E-12431A6F1E52}.Release|Win32.Build.0 = Release|Win32
		{EB981031-1428-4D9E-B99E-12431A6F1E52}.Release|x64.ActiveCfg = Release|Win32
		{EB981031-1428-4D9E-B99E-12431A6F1E52}.Release-mt|Win32.ActiveCfg = Release|Win32
		{EB981031-1428-4D9E-B99E-12431A6F1E52}.Release-mt|Win32.Build.0 = Release|Win32
		{EB981031-1428-4D9E-B99E-12431A6F1E52}.Release-mt|x64.ActiveCfg = Release|Win32
		{EB981031-1428-4D9E-B99E-12431A6F1E52}.ReleaseWithoutAsm|Win32.ActiveCfg = Release|Win32
		{EB981031-1428-4D9E-B99E-12431A6F1E52}.ReleaseWithoutAsm|Win32.Build.0 = Release|Win32
		{EB981031-1428-4D9E-B99E-12431A6F1E52}.ReleaseWithoutAsm|x64.ActiveCfg = Release|Win32
		{1A100D5C-29E9-4638-9728-2A544059AAE7}.Debug|Win32.ActiveCfg = Debug|Win32
		{1A100D5C-29E9-4638-9728-2A544059AAE7}.Debug|Win32.Build.0 = Debug|Win32
		{1A100D5C-29E9-4638-9728-2A544059AAE7}.Debug|x64.ActiveCfg = Debug|Win32
		{1A100D5C-29E9-4638-9728-2A544059AAE7}.Debug-mt|Win32.ActiveCfg = Debug|Win32
		{1A100D5C-29E9-4638-9728-2A544059AAE7}.Debug-mt|Win32.Build.0 = Debug|Win32
		{1A100D5C-29E9-4638-9728-2A544059AAE7}.Debug-mt|x64.ActiveCfg = Debug|Win32
		{1A100D5C-29E9-4638-9728-2A544059AAE7}.Release|Win32.ActiveCfg = Release|Win32
		{1A100D5C-29E9-4638-9728-2A544059AAE7}.Release|Win32.Build.0 = Release|Win32
		{1A100D5C-29E9-4638-9728-2A544059AAE7}.Release|x64.ActiveCfg = Release|Win32
		{1A100D5C-29E9-4638-9728-2A544059AAE7}.Release-mt|Win32.ActiveCfg = Release|Win32
		{1A100D5C-29E9-4638-9728-2A544059AAE7}.Release-mt|Win32.Build.0 = Release|Win32
		{1A100D5C-29E9-4638-9728-2A544059AAE7}.Release-mt|x64.ActiveCfg = Release|Win32
		{1A100D5C-29E9-4638-9728-2A544059AAE7}.ReleaseWithoutAsm|Win32.ActiveCfg = Release|Win32
		{1A100D5C-29E9-4638-9728-2A544059AAE7}.ReleaseWithoutAsm|Win32.Build.0 = Release|Win32
		{1A100D5C-29E9-4638-9728-2A544059AAE7}.ReleaseWithoutAsm|x64.ActiveCfg = Release|Win32
		{E9C3126E-CEA8-41A8-A714-7644B016DB3C}.Debug|Win32.ActiveCfg = Debug|Win32
		{E9C3126E-CEA8-41A8-A714-7644B016DB3C}.Debug|Win32.Build.0 = Debug|Win32
		{E9C3126E-CEA8-41A8-A714-7644B016DB3C}.Debug|x64.ActiveCfg = Debug|Win32
		{E9C3126E-CEA8-41A8-A714-7644B016DB3C}.Debug-mt|Win32.ActiveCfg = Debug|Win32
		{E9C3126E-CEA8-41A8-A714-7644B016DB3C}.Debug-mt|Win32.Build.0 = Debug|Win32
		{E9C3126E-CEA8-41A8-A714-7644B016DB3C}.Debug-mt|x64.ActiveCfg = Debug|Win32
		{E9C3126E-CEA8-41A8-A714-7644B016DB3C}.Release|Win32.ActiveCfg = Release|Win32
		{E9C3126E-CEA8-41A8-A714-7644B016DB3C}.Release|Win32.Build.0 = Release|Win32
		{E9C3126E-CEA8-41A8-A714-7644B016DB3C}.Release|x64.ActiveCfg = Release|Win32
		{E9C3126E-CEA8-41A8-A714-7644B016DB3C}.Release-mt|Win32.ActiveCfg = Release|Win32
		{E9C3126E-CEA8-41A8-A714-7644B016DB3C}.Release-mt|Win32.Build.0 = Release|Win32
		{E9C3126E-CEA8-41A8-A714-7644B016DB3C}.Release-mt|x64.ActiveCfg = Release|Win32
		{E9C3126E-CEA8-41A8-A714-7644B016DB3C}.ReleaseWithoutAsm|Win32.ActiveCfg = Release|Win32
		{E9C3126E-CEA8-41A8-A714-7644B016DB3C}.ReleaseWithoutAsm|Win32.Build.0 = Release|Win32
		{E9C3126E-CEA8-41A8-A714-7644B016DB3C}.ReleaseWithoutAsm|x64.ActiveCfg = Release|Win32
		{FF8FEA2B-81F0-4D44-A40B-596B3A2157CC}.Debug|Win32.ActiveCfg = Debug|Win32
		{FF8FEA2B-81F0-4D44-A40B-596B3A2157CC}.Debug|Win32.Build.0 = Debug|Win32
		{FF8FEA2B-81F0-4D44-A40B-596B3A2157CC}.Debug|x64.ActiveCfg = Debug|Win32
		{FF8FEA2B-81F0-4D44-A40B-596B3A2157CC}.Debug-mt|Win32.ActiveCfg = Debug|Win32
		{FF8FEA2B-81F0-4D44-A40B-596B3A2157CC}.Debug-mt|Win32.Build.0 = Debug|Win32
		{FF8FEA2B-81F0-4D44-A40B-596B3A2157CC}.Debug-mt|x64.ActiveCfg = Debug|Win32
		{FF8FEA2B-81F0-4D44-A40B-596B3A2157CC}.Release|Win32.ActiveCfg = Release|Win32
		{FF8FEA2B-81F0-4D44-A40B-596B3A2157CC}.Release|Win32.Build.0 = Release|Win32
		{FF8FEA2B-81F0-4D44-A40B-596B3A2157CC}.Release|x64.ActiveCfg = Release|Win32
		{FF8FEA2B-81F0-4D44-A40B-596B3A2157CC}.Release-mt|Win32.ActiveCfg = Release|Win32
		{FF8FEA2B-81F0-4D44-A40B-596B3A2157CC}.Release-mt|Win32.Build.0 = Release|Win32
		{FF8FEA2B-81F0-4D44-A40B-596B3A2157CC}.Release-mt|x64.ActiveCfg = Release|Win32
		{FF8FEA2B-81F0-4D44-A40B-596B3A2157CC}.ReleaseWithoutAsm|Win32.ActiveCfg = Release|Win32
		{FF8FEA2B-81F0-4D44-A40B-596B3A2157CC}.ReleaseWithoutAsm|Win32.Build.0 = Release|Win32
		{FF8FEA2B-81F0-4D44-A40B-596B3A2157CC}.ReleaseWithoutAsm|x64.ActiveCfg = Release|Win32
		{01EB898E-8913-43D7-A202-8899362147E3}.Debug|Win32.ActiveCfg = Debug|Win32
		{01EB898E-8913-43D7-A202-8899362147E3}.Debug|Win32.Build.0 = Debug|Win32
		{01EB898E-8913-43D7-A202-8899362147E3}.Debug|x64.ActiveCfg = Debug|Win32
		{01EB898E-8913-43D7-A202-8899362147E3}.Debug-mt|Win32.ActiveCfg = Debug|Win32
		{01EB898E-8913-43D7-A202-8899362147E3}.Debug-mt|Win32.Build.0 = Debug|Win32
		{01EB898E-8913-43D7-A202-8899362147E3}.Debug-mt|x64.ActiveCfg = Debug|Win32
		{01EB898E-8913-43D7-A202-8899362147E3}.Release|Win32.ActiveCfg = Release|Win32
		{01EB898E-8913-43D7-A202-8899362147E3}.Release|Win32.Build.0 = Release|Win32
		{01EB898E-8913-43D7-A202-8899362147E3}.Release|x64.ActiveCfg = Release|Win32
		{01EB898E-8913-43D7-A202-8899362147E3}.Release-mt|Win32.ActiveCfg = Release|Win32
		{01EB898E-8913-43D7-A202-8899362147E3}.Release-mt|Win32.Build.0 = Release|Win32
		{01EB898E-8913-43D7-A202-8899362147E3}.Release-mt|x64.ActiveCfg = Release|Win32
		{01EB898E-8913-43D7-A202-8899362147E3}.ReleaseWithoutAsm|Win32.ActiveCfg = Release|Win32
		{01EB898E-8913-43D7-A202-8899362147E3}.ReleaseWithoutAsm|Win32.Build.0 = Release|Win32
		{01EB898E-8913-43D7-A202-8899362147E3}.ReleaseWithoutAsm|x64.ActiveCfg = Release|Win32
		{8989BB5B-2C76-4F63-A486-F4D070F0622B}.Debug|Win32.ActiveCfg = Debug|Win32
		{8989BB5B-2C76-4F63-A486-F4D070F0622B}.Debug|Win32.Build.0 = Debug|Win32
		{8989BB5B-2C76-4F63-A486-F4D070F0622B}.Debug|x64.ActiveCfg = Debug|Win32
		{8989BB5B-2C76-4F63-A486-F4D070F0622B}.Debug-mt|Win32.ActiveCfg = Debug|Win32
		{8989BB5B-2C76-4F63-A486-F4D070F0622B}.Debug-mt|Win32.Build.0 = Debug|Win32
		{8989BB5B-2C76-4F63-A486-F4D070F0622B}.Debug-mt|x64.ActiveCfg = Debug|Win32
		{8989BB5B-2C76-4F63-A486-F4D070F0622B}.Release|Win32.ActiveCfg = Release|Win32
		{8989BB5B-2C76-4F63-A486-F4D070F0622B}.Release|Win32.Build.0 = Release|Win32
		{8989BB5B-2C76-4F63-A486-F4D070F0622B}.Release|x64.ActiveCfg = Release|Win32
		{8989BB5B-2C76-4F63-A486-F4D070F0622B}.Release-mt|Win32.ActiveCfg = Release|Win32
		{8989BB5B-2C76-4F63-A486-F4D070F0622B}.Release-mt|Win32.Build.0 = Release|Win32
		{8989BB5B-2C76-4F63-A486-F4D070F0622B}.Release-mt|x64.ActiveCfg = Release|Win32
		{8989BB5B-2C76-4F63-A486-F4D070F0622B}.ReleaseWithoutAsm|Win32.ActiveCfg = Release|Win32
		{8989BB5B-2C76-4F63-A486-F4D070F0622B}.ReleaseWithoutAsm|Win32.Build.0 = Release|Win32
		{8989BB5B-2C76-4F63-A486-F4D070F0622B}.ReleaseWithoutAsm|x64.ActiveCfg = Release|Win32
		{AD058450-198E-412F-BF4A-3352209E8BF2}.Debug|Win32.ActiveCfg = Debug|Win32
		{AD058450-198E-412F-BF4A-3352209E8BF2}.Debug|Win32.Build.0 = Debug|Win32
		{AD058450-198E-412F-BF4A-3352209E8BF2}.Debug|x64.ActiveCfg = Debug|Win32
		{AD058450-198E-412F-BF4A-3352209E8BF2}.Debug-mt|Win32.ActiveCfg = Debug|Win32
		{AD058450-198E-412F-BF4A-3352209E8BF2}.Debug-mt|Win32.Build.0 = Debug|Win32
		{AD058450-198E-412F-BF4A-3352209E8BF2}.Debug-mt|x64.ActiveCfg = Debug|Win32
		{AD058450-198E-412F-BF4A-3352209E8BF2}.Release|Win32.ActiveCfg = Release|Win32
		{AD058450-198E-412F-BF4A-3352209E8BF2}.Release|Win32.Build.0 = Release|Win32
		{AD058450-198E-412F-BF4A-3352209E8BF2}.Release|x64.ActiveCfg = Release|Win32
		{AD058450-198E-412F-BF4A-3352209E8BF2}.Release-mt|Win32.ActiveCfg = Release|Win32
		{AD058450-198E-412F-BF4A-3352209E8BF2}.Release-mt|Win32.Build.0 = Release|Win32
		{AD058450-198E-412F-BF4A-3352209E8BF2}.Release-mt|x64.ActiveCfg = Release|Win32
		{AD058450-198E-412F-BF4A-3352209E8BF2}.ReleaseWithoutAsm|Win32.ActiveCfg = Release|Win32
		{AD058450-198E-412F-BF4A-3352209E8BF2}.ReleaseWithoutAsm|Win32.Build.0 = Release|Win32
		{AD058450-198E-412F-BF4A-3352209E8BF2}.ReleaseWithoutAsm|x64.ActiveCfg = Release|Win32
		{EC5C7D05-E168-39B7-8813-5472B53FF883}.Debug|Win32.ActiveCfg = Debug|Win32
		{EC5C7D05-E168-39B7-8813-5472B53FF883}.Debug|Win32.Build.0 = Debug|Win32
		{EC5C7D05-E168-39B7-8813-5472B53FF883}.Debug|x64.ActiveCfg = Debug|Win32
		{EC5C7D05-E168-39B7-8813-5472B53FF883}.Debug-mt|Win32.ActiveCfg = Debug|Win32
		{EC5C7D05-E168-39B7-8813-5472B53FF883}.Debug-mt|Win32.Build.0 = Debug|Win32
		{EC5C7D05-E168-39B7-8813-5472B53FF883}.Debug-mt|x64.ActiveCfg = Debug|Win32
		{EC5C7D05-E168-39B7-8813-5472B53FF883}.Release|Win32.ActiveCfg = Release|Win32
		{EC5C7D05-E168-39B7-8813-5472B53FF883}.Release|Win32.Build.0 = Release|Win32
		{EC5C7D05-E168-39B7-8813-5472B53FF883}.Release|x64.ActiveCfg = Release|Win32
		{EC5C7D05-E168-39B7-8813-5472B53FF883}.Release-mt|Win32.ActiveCfg = Release|Win32
		{EC5C7D05-E168-39B7-8813-5472B53FF883}.Release-mt|Win32.Build.0 = Release|Win32
		{EC5C7D05-E168-39B7-8813-5472B53FF883}.Release-mt|x64.ActiveCfg = Release|Win32
		{EC5C7D05-E168-39B7-8813-5472B53FF883}.ReleaseWithoutAsm|Win32.ActiveCfg = Release|Win32
		{EC5C7D05-E168-39B7-8813-5472B53FF883}.ReleaseWithoutAsm|Win32.Build.0 = Release|Win32
		{EC5C7D05-E168-39B7-8813-5472B53FF883}.ReleaseWithoutAsm|x64.ActiveCfg = Release|Win32
		{EDE1C7E9-7ECD-48AE-BCC1-480622B4CE7F}.Debug|Win32.ActiveCfg = Debug|Win32
		{EDE1C7E9-7ECD-48AE-BCC1-480622B4CE7F}.Debug|Win32.Build.0 = Debug|Win32
		{EDE1C7E9-7ECD-48AE-BCC1-480622B4CE7F}.Debug|x64.ActiveCfg = Debug|Win32
		{EDE1C7E9-7ECD-48AE-BCC1-480622B4CE7F}.Debug-mt|Win32.ActiveCfg = Debug|Win32
		{EDE1C7E9-7ECD-48AE-BCC1-480622B4CE7F}.Debug-mt|Win32.Build.0 = Debug|Win32
		{EDE1C7E9-7ECD-48AE-BCC1-480622B4CE7F}.Debug-mt|x64.ActiveCfg = Debug|Win32
		{EDE1C7E9-7ECD-48AE-BCC1-480622B4CE7F}.Release|Win32.ActiveCfg = Release|Win32
		{EDE1C7E9-7ECD-48AE-BCC1-480622B4CE7F}.Release|Win32.Build.0 = Release|Win32
		{EDE1C7E9-7ECD-48AE-BCC1-480622B4CE7F}.Release|x64.ActiveCfg = Release|Win32
		{EDE1C7E9-7ECD-48AE-BCC1-480622B4CE7F}.Release-mt|Win32.ActiveCfg = Release|Win32
		{EDE1C7E9-7ECD-48AE-BCC1-480622B4CE7F}.Release-mt|Win32.Build.0 = Release|Win32
		{EDE1C7E9-7ECD-48AE-BCC1-480622B4CE7F}.Release-mt|x64.ActiveCfg = Release|Win32
		{EDE1C7E9-7ECD-48AE-BCC1-480622B4CE7F}.ReleaseWithoutAsm|Win32.ActiveCfg = Release|Win32
		{EDE1C7E9-7ECD-48AE-BCC1-480622B4CE7F}.ReleaseWithoutAsm|Win32.Build.0 = Release|Win32
		{EDE1C7E9-7ECD-48AE-BCC1-480622B4CE7F}.ReleaseWithoutAsm|x64.ActiveCfg = Release|Win32
		{CD0EEC88-BF21-47BA-A600-DA947C96631D}.Debug|Win32.ActiveCfg = Debug|Win32
		{CD0EEC88-BF21-47BA-A600-DA947C96631D}.Debug|Win32.Build.0 = Debug|Win32
		{CD0EEC88-BF21-47BA-A600-DA947C96631D}.Debug|x64.ActiveCfg = Debug|Win32
		{CD0EEC88-BF21-47BA-A600-DA947C96631D}.Debug-mt|Win32.ActiveCfg = Debug|Win32
		{CD0EEC88-BF21-47BA-A600-DA947C96631D}.Debug-mt|Win32.Build.0 = Debug|Win32
		{CD0EEC88-BF21-47BA-A600-DA947C96631D}.Debug-mt|x64.ActiveCfg = Debug|Win32
		{CD0EEC88-BF21-47BA-A600-DA947C96631D}.Release|Win32.ActiveCfg = Release|Win32
		{CD0EEC88-BF21-47BA-A600-DA947C96631D}.Release|Win32.Build.0 = Release|Win32
		{CD0EEC88-BF21-47BA-A600-DA947C96631D}.Release|x64.ActiveCfg = Release|Win32
		{CD0EEC88-BF21-47BA-A600-DA947C96631D}.Release-mt|Win32.ActiveCfg = Release|Win32
		{CD0EEC88-BF21-47BA-A600-DA947C96631D}.Release-mt|Win32.Build.0 = Release|Win32
		{CD0EEC88-BF21-47BA-A600-DA947C96631D}.Release-mt|x64.ActiveCfg = Release|Win32
		{CD0EEC88-BF21-47BA-A600-DA947C96631D}.ReleaseWithoutAsm|Win32.ActiveCfg = Release|Win32
		{CD0EEC88-BF21-47BA-A600-DA947C96631D}.ReleaseWithoutAsm|Win32.Build.0 = Release|Win32
		{CD0EEC88-BF21-47BA-A600-DA947C96631D}.ReleaseWithoutAsm|x64.ActiveCfg = Release|Win32
	EndGlobalSection
	GlobalSection(SolutionProperties) = preSolution
		HideSolutionNode = FALSE
	EndGlobalSection
EndGlobal
