<?xml version="1.0" encoding="utf-8"?>
<Project ToolsVersion="4.0" xmlns="http://schemas.microsoft.com/developer/msbuild/2003">
  <ItemGroup>
    <Filter Include="Source Files">
      <UniqueIdentifier>{c5ed88c8-2c65-4e8a-8aaa-c0b050c4ae1a}</UniqueIdentifier>
    </Filter>
    <Filter Include="Source Files\DataBase">
      <UniqueIdentifier>{90e17e2b-7ef6-4e2d-85ad-72b276086ff3}</UniqueIdentifier>
    </Filter>
    <Filter Include="Source Files\AtsType">
      <UniqueIdentifier>{74fa3fb4-f5ba-4235-b4d1-6507797f0d09}</UniqueIdentifier>
    </Filter>
    <Filter Include="Header Files">
      <UniqueIdentifier>{0bc63ef7-11aa-4c46-b01b-40e212da6787}</UniqueIdentifier>
    </Filter>
    <Filter Include="Header Files\DataBase">
      <UniqueIdentifier>{544225a7-4564-4439-92ae-4d8affd74e4e}</UniqueIdentifier>
    </Filter>
    <Filter Include="Header Files\AtsType">
      <UniqueIdentifier>{034cc8b2-84cb-43cb-a073-412d17b60529}</UniqueIdentifier>
    </Filter>
    <Filter Include="Header Files\LockFree">
      <UniqueIdentifier>{cd850449-c8d3-406f-a12f-92cc4ae6425f}</UniqueIdentifier>
    </Filter>
  </ItemGroup>
  <ItemGroup>
    <ClCompile Include="..\src\common.cpp">
      <Filter>Source Files</Filter>
    </ClCompile>
    <ClCompile Include="..\src\defaultdatetimepublisher.cpp">
      <Filter>Source Files</Filter>
    </ClCompile>
    <ClCompile Include="..\src\socketconnection.cpp">
      <Filter>Source Files</Filter>
    </ClCompile>
    <ClCompile Include="..\src\zmqpublisher.cpp">
      <Filter>Source Files</Filter>
    </ClCompile>
    <ClCompile Include="..\src\zmqserver.cpp">
      <Filter>Source Files</Filter>
    </ClCompile>
    <ClCompile Include="..\src\terra_logger.cpp">
      <Filter>Source Files</Filter>
    </ClCompile>
    <ClCompile Include="..\src\int_provider.cpp">
      <Filter>Source Files</Filter>
    </ClCompile>
    <ClCompile Include="..\src\sqliteclient.cpp">
      <Filter>Source Files\DataBase</Filter>
    </ClCompile>
    <ClCompile Include="..\src\sqlite3.c">
      <Filter>Source Files\DataBase</Filter>
    </ClCompile>
    <ClCompile Include="..\src\abstract_database.cpp">
      <Filter>Source Files\DataBase</Filter>
    </ClCompile>
    <ClCompile Include="..\src\database_factory.cpp">
      <Filter>Source Files\DataBase</Filter>
    </ClCompile>
    <ClCompile Include="..\src\async_writer_new.cpp">
      <Filter>Source Files</Filter>
    </ClCompile>
    <ClCompile Include="..\src\AtsType_constants.cpp">
      <Filter>Source Files\AtsType</Filter>
    </ClCompile>
    <ClCompile Include="..\src\AtsType_types.cpp">
      <Filter>Source Files\AtsType</Filter>
    </ClCompile>
    <ClCompile Include="..\src\abstract_processor.cpp">
      <Filter>Source Files</Filter>
    </ClCompile>
    <ClCompile Include="..\src\io_service_gh.cpp">
      <Filter>Source Files</Filter>
    </ClCompile>
  </ItemGroup>
  <ItemGroup>
    <ClInclude Include="..\include\common.h">
      <Filter>Header Files</Filter>
    </ClInclude>
    <ClInclude Include="..\include\defaultdatetimepublisher.h">
      <Filter>Header Files</Filter>
    </ClInclude>
    <ClInclude Include="..\include\socketconnection.h">
      <Filter>Header Files</Filter>
    </ClInclude>
    <ClInclude Include="..\include\zmqpublisher.h">
      <Filter>Header Files</Filter>
    </ClInclude>
    <ClInclude Include="..\include\zmqserver.h">
      <Filter>Header Files</Filter>
    </ClInclude>
    <ClInclude Include="..\include\terra_logger.h">
      <Filter>Header Files</Filter>
    </ClInclude>
    <ClInclude Include="..\include\LockFreeWorkQueue.h">
      <Filter>Header Files</Filter>
    </ClInclude>
    <ClInclude Include="..\include\string_tokenizer.h">
      <Filter>Header Files</Filter>
    </ClInclude>
    <ClInclude Include="..\include\int_provider.h">
      <Filter>Header Files</Filter>
    </ClInclude>
    <ClInclude Include="..\include\terra_safe_map.h">
      <Filter>Header Files</Filter>
    </ClInclude>
    <ClInclude Include="..\include\singleton.hpp">
      <Filter>Header Files</Filter>
    </ClInclude>
    <ClInclude Include="..\include\sqliteclient.h">
      <Filter>Header Files\DataBase</Filter>
    </ClInclude>
    <ClInclude Include="..\include\sqlite3.h">
      <Filter>Header Files\DataBase</Filter>
    </ClInclude>
    <ClInclude Include="..\include\abstract_database.h">
      <Filter>Header Files\DataBase</Filter>
    </ClInclude>
    <ClInclude Include="..\include\database_factory.h">
      <Filter>Header Files\DataBase</Filter>
    </ClInclude>
    <ClInclude Include="..\include\async_writer_new.h">
      <Filter>Header Files</Filter>
    </ClInclude>
    <ClInclude Include="..\include\LockFreeArray.h">
      <Filter>Header Files</Filter>
    </ClInclude>
    <ClInclude Include="..\include\AtsType_constants.h">
      <Filter>Header Files\AtsType</Filter>
    </ClInclude>
    <ClInclude Include="..\include\AtsType_types.h">
      <Filter>Header Files\AtsType</Filter>
    </ClInclude>
    <ClInclude Include="..\include\FastMemcpy.h">
      <Filter>Header Files</Filter>
    </ClInclude>
    <ClInclude Include="..\include\LockFreeClassPool.h">
      <Filter>Header Files</Filter>
    </ClInclude>
    <ClInclude Include="..\include\lockfree_classpool_workqueue.h">
      <Filter>Header Files</Filter>
    </ClInclude>
    <ClInclude Include="..\include\abstract_processor.h">
      <Filter>Header Files</Filter>
    </ClInclude>
    <ClInclude Include="..\include\io_service_gh.h">
      <Filter>Header Files</Filter>
    </ClInclude>
    <ClInclude Include="..\include\urlDEcode.h">
      <Filter>Header Files</Filter>
    </ClInclude>
    <ClInclude Include="..\include\LockFreeStack.h">
      <Filter>Header Files\LockFree</Filter>
    </ClInclude>
    <ClInclude Include="..\include\terra_safe_hashmap.h">
      <Filter>Header Files</Filter>
    </ClInclude>
    <ClInclude Include="..\include\terra_safe_tbb_hash_map.h">
      <Filter>Header Files</Filter>
    </ClInclude>
    <ClInclude Include="..\include\rte_memcpy.h">
      <Filter>Header Files</Filter>
    </ClInclude>
    <ClInclude Include="..\include\rte_vect.h">
      <Filter>Header Files</Filter>
    </ClInclude>
    <ClInclude Include="..\include\LockFreeRingBuffer.h">
      <Filter>Header Files\LockFree</Filter>
    </ClInclude>
  </ItemGroup>
</Project>