<?xml version="1.0" encoding="utf-8"?>
<Project ToolsVersion="4.0" xmlns="http://schemas.microsoft.com/developer/msbuild/2003">
  <ItemGroup>
    <Filter Include="Header Files">
      <UniqueIdentifier>{93995380-89BD-4b04-88EB-625FBE52EBFB}</UniqueIdentifier>
      <Extensions>h;hh;hpp;hxx;hm;inl;inc;xsd</Extensions>
    </Filter>
    <Filter Include="Source Files">
      <UniqueIdentifier>{4FC737F1-C7A5-4376-A066-2A32D752A2FF}</UniqueIdentifier>
      <Extensions>cpp;c;cc;cxx;def;odl;idl;hpj;bat;asm;asmx</Extensions>
    </Filter>
    <Filter Include="Header Files\Instrument">
      <UniqueIdentifier>{31b29e8f-cd60-40bf-9837-a0305f2c0231}</UniqueIdentifier>
    </Filter>
    <Filter Include="Source Files\Instrument">
      <UniqueIdentifier>{79666b53-37c1-465d-90ae-5ea291d85acc}</UniqueIdentifier>
    </Filter>
  </ItemGroup>
  <ItemGroup>
    <ClInclude Include="..\include\simpleats.h">
      <Filter>Header Files</Filter>
    </ClInclude>
    <ClInclude Include="..\include\iafuture.h">
      <Filter>Header Files\Instrument</Filter>
    </ClInclude>
    <ClInclude Include="..\include\iaoption.h">
      <Filter>Header Files\Instrument</Filter>
    </ClInclude>
    <ClInclude Include="..\include\kill_pending_orders_task.h">
      <Filter>Header Files</Filter>
    </ClInclude>
  </ItemGroup>
  <ItemGroup>
    <ClCompile Include="..\src\simpleats.cpp">
      <Filter>Source Files</Filter>
    </ClCompile>
    <ClCompile Include="..\src\iafuture.cpp">
      <Filter>Source Files\Instrument</Filter>
    </ClCompile>
    <ClCompile Include="..\src\iaoption.cpp">
      <Filter>Source Files\Instrument</Filter>
    </ClCompile>
    <ClCompile Include="..\src\kill_pending_orders_task.cpp">
      <Filter>Source Files</Filter>
    </ClCompile>
  </ItemGroup>
</Project>